**********************
Windows PowerShell transcript start
Start time: 20221213013718
Username: TIGERANALYTICS\swathi.vijai
RunAs User: TIGERANALYTICS\swathi.vijai
Configuration Name: 
Machine: TIGER02570 (Microsoft Windows NT 10.0.19044.0)
Host Application: C:\Windows\System32\WindowsPowerShell\v1.0\powershell.exe
Process ID: 18540
PSVersion: 5.1.19041.1682
PSEdition: Desktop
PSCompatibleVersions: 1.0, 2.0, 3.0, 4.0, 5.0, 5.1.19041.1682
BuildVersion: 10.0.19041.1682
CLRVersion: 4.0.30319.42000
WSManStackVersion: 3.0
PSRemotingProtocolVersion: 2.3
SerializationVersion: 1.1.0.1
**********************
Transcript started, output file is D:\tf-asgmt2\tf-asgmt2-rec.txt
PS C:\Users\swathi.vijai> cd D:\tf-asgmt2
PS D:\tf-asgmt2> ls


    Directory: D:\tf-asgmt2


Mode                 LastWriteTime         Length Name
----                 -------------         ------ ----
d-----        13-12-2022     01:24                env
d-----        13-12-2022     01:21                modules
-a----        13-12-2022     01:37            738 tf-asgmt2-rec.txt


PS D:\tf-asgmt2> cd env
PS D:\tf-asgmt2\env> cd dev
PS D:\tf-asgmt2\env\dev> terraform init
Initializing modules...

Initializing the backend...

Initializing provider plugins...
- Reusing previous version of hashicorp/random from the dependency lock file
- Reusing previous version of hashicorp/azuread from the dependency lock file
- Reusing previous version of hashicorp/azurerm from the dependency lock file
- Using previously-installed hashicorp/random v3.4.3
- Using previously-installed hashicorp/azuread v2.31.0
- Using previously-installed hashicorp/azurerm v3.0.0

Terraform has been successfully initialized!

You may now begin working with Terraform. Try running "terraform plan" to see
any changes that are required for your infrastructure. All Terraform commands
should now work.

If you ever set or change modules or backend configuration for Terraform,
rerun this command to reinitialize your working directory. If you forget, other
commands will detect it and remind you to do so if necessary.
PS D:\tf-asgmt2\env\dev> terraform plan

Terraform used the selected providers to generate the following execution plan. Resource actions are indicated with the following symbols:
  + create

Terraform will perform the following actions:

  # module.devmodule.azurerm_analysis_services_server.server will be created
  + resource "azurerm_analysis_services_server" "server" {
      + admin_users               = [
          + "swathi.vijai@tigeranalytics.com",
        ]
      + enable_power_bi_service   = true
      + id                        = (known after apply)
      + location                  = "eastus"
      + name                      = "swathi1179asdev"
      + querypool_connection_mode = (known after apply)
      + resource_group_name       = "devops-rg"
      + server_full_name          = (known after apply)
      + sku                       = "S0"
      + tags                      = {
          + "created_by"  = "swathi.vijai@tigeranalytics.com"
          + "created_for" = "training"
        }
    }

  # module.devmodule.azurerm_data_factory.adf will be created
  + resource "azurerm_data_factory" "adf" {
      + id                     = (known after apply)
      + location               = "eastus"
      + name                   = "swathiadfdev1179"
      + public_network_enabled = true
      + resource_group_name    = "devops-rg"
      + tags                   = {
          + "created_by"  = "swathi.vijai@tigeranalytics.com"
          + "created_for" = "training"
        }
    }

  # module.devmodule.azurerm_data_factory_linked_service_data_lake_storage_gen2.linked_service[0] will be created
  + resource "azurerm_data_factory_linked_service_data_lake_storage_gen2" "linked_service" {
      + data_factory_id       = (known after apply)
      + id                    = (known after apply)
      + name                  = "adflinkedservice1"
      + service_principal_id  = "79dd085d-67d3-44b5-994b-6a86f4104ef3"
      + service_principal_key = "devclient_secret"
      + tenant                = "e714ef31-faab-41d2-9f1e-e6df4af16ab8"
      + url                   = (known after apply)
      + use_managed_identity  = false
    }

  # module.devmodule.azurerm_data_factory_pipeline.adfpipeline will be created
  + resource "azurerm_data_factory_pipeline" "adfpipeline" {
      + data_factory_id = (known after apply)
      + id              = (known after apply)
      + name            = "adfdevpipeline1"
    }

  # module.devmodule.azurerm_databricks_workspace.adb will be created
  + resource "azurerm_databricks_workspace" "adb" {
      + customer_managed_key_enabled          = false
      + id                                    = (known after apply)
      + infrastructure_encryption_enabled     = false
      + location                              = "eastus"
      + managed_resource_group_id             = (known after apply)
      + managed_resource_group_name           = (known after apply)
      + name                                  = "swathiadbdev1179"
      + network_security_group_rules_required = (known after apply)
      + public_network_access_enabled         = true
      + resource_group_name                   = "devops-rg"
      + sku                                   = "standard"
      + storage_account_identity              = (known after apply)
      + tags                                  = {
          + "created_by"  = "swathi.vijai@tigeranalytics.com"
          + "created_for" = "training"
        }
      + workspace_id                          = (known after apply)
      + workspace_url                         = (known after apply)

      + custom_parameters {
          + machine_learning_workspace_id                        = (known after apply)
          + nat_gateway_name                                     = (known after apply)
          + no_public_ip                                         = (known after apply)
          + private_subnet_name                                  = (known after apply)
          + private_subnet_network_security_group_association_id = (known after apply)
          + public_ip_name                                       = (known after apply)
          + public_subnet_name                                   = (known after apply)
          + public_subnet_network_security_group_association_id  = (known after apply)
          + storage_account_name                                 = (known after apply)
          + storage_account_sku_name                             = (known after apply)
          + virtual_network_id                                   = (known after apply)
          + vnet_address_prefix                                  = (known after apply)
        }
    }

  # module.devmodule.azurerm_kusto_cluster.azkc will be created
  + resource "azurerm_kusto_cluster" "azkc" {
      + auto_stop_enabled             = true
      + data_ingestion_uri            = (known after apply)
      + disk_encryption_enabled       = false
      + engine                        = "V2"
      + id                            = (known after apply)
      + location                      = "eastus"
      + name                          = "swathi1179kcdev"
      + public_network_access_enabled = true
      + purge_enabled                 = false
      + resource_group_name           = "devops-rg"
      + streaming_ingestion_enabled   = false
      + tags                          = {
          + "created_by"  = "swathi.vijai@tigeranalytics.com"
          + "created_for" = "training"
        }
      + trusted_external_tenants      = (known after apply)
      + uri                           = (known after apply)

      + sku {
          + capacity = 2
          + name     = "Standard_D13_v2"
        }
    }

  # module.devmodule.azurerm_mssql_database.sql-db will be created
  + resource "azurerm_mssql_database" "sql-db" {
      + auto_pause_delay_in_minutes         = (known after apply)
      + collation                           = (known after apply)
      + create_mode                         = "Default"
      + creation_source_database_id         = (known after apply)
      + elastic_pool_id                     = (known after apply)
      + geo_backup_enabled                  = true
      + id                                  = (known after apply)
      + license_type                        = (known after apply)
      + max_size_gb                         = 5
      + min_capacity                        = (known after apply)
      + name                                = "swathi1179dev"
      + read_replica_count                  = (known after apply)
      + read_scale                          = (known after apply)
      + restore_point_in_time               = (known after apply)
      + sample_name                         = (known after apply)
      + server_id                           = (known after apply)
      + sku_name                            = "ElasticPool"
      + storage_account_type                = "Geo"
      + tags                                = {
          + "created_by"  = "swathi.vijai@tigeranalytics.com"
          + "created_for" = "training"
        }
      + transparent_data_encryption_enabled = true
      + zone_redundant                      = (known after apply)

      + long_term_retention_policy {
          + monthly_retention = (known after apply)
          + week_of_year      = (known after apply)
          + weekly_retention  = (known after apply)
          + yearly_retention  = (known after apply)
        }

      + short_term_retention_policy {
          + retention_days = (known after apply)
        }

      + threat_detection_policy {
          + disabled_alerts            = (known after apply)
          + email_account_admins       = (known after apply)
          + email_addresses            = (known after apply)
          + retention_days             = (known after apply)
          + state                      = (known after apply)
          + storage_account_access_key = (sensitive value)
          + storage_endpoint           = (known after apply)
        }
    }

  # module.devmodule.azurerm_mssql_elasticpool.az-elastic-pool will be created
  + resource "azurerm_mssql_elasticpool" "az-elastic-pool" {
      + id                  = (known after apply)
      + license_type        = "LicenseIncluded"
      + location            = "eastus"
      + max_size_bytes      = (known after apply)
      + max_size_gb         = 50
      + name                = "swathi1179dev"
      + resource_group_name = "devops-rg"
      + server_name         = "swathisqlserver1179dev"
      + tags                = {
          + "created_by"  = "swathi.vijai@tigeranalytics.com"
          + "created_for" = "training"
        }

      + per_database_settings {
          + max_capacity = 10
          + min_capacity = 0
        }

      + sku {
          + capacity = 50
          + name     = "StandardPool"
          + tier     = "Standard"
        }
    }

  # module.devmodule.azurerm_mssql_server.sqlserver will be created
  + resource "azurerm_mssql_server" "sqlserver" {
      + administrator_login                  = "swathi.vijai@tigeranalytics.com"
      + administrator_login_password         = (sensitive value)
      + connection_policy                    = "Default"
      + fully_qualified_domain_name          = (known after apply)
      + id                                   = (known after apply)
      + location                             = "eastus"
      + minimum_tls_version                  = "1.2"
      + name                                 = "swathisqlserver1179dev"
      + outbound_network_restriction_enabled = false
      + primary_user_assigned_identity_id    = (known after apply)
      + public_network_access_enabled        = true
      + resource_group_name                  = "devops-rg"
      + restorable_dropped_database_ids      = (known after apply)
      + tags                                 = {
          + "created_by"  = "swathi.vijai@tigeranalytics.com"
          + "created_for" = "training"
        }
      + version                              = "12.0"
    }

  # module.devmodule.azurerm_service_plan.azsp will be created
  + resource "azurerm_service_plan" "azsp" {
      + id                           = (known after apply)
      + kind                         = (known after apply)
      + location                     = "eastus"
      + maximum_elastic_worker_count = (known after apply)
      + name                         = "swathi1179spdev"
      + os_type                      = "Windows"
      + per_site_scaling_enabled     = false
      + reserved                     = (known after apply)
      + resource_group_name          = "devops-rg"
      + sku_name                     = "Y1"
      + worker_count                 = (known after apply)
    }

  # module.devmodule.azurerm_storage_account.storage_account will be created
  + resource "azurerm_storage_account" "storage_account" {
      + access_tier                       = (known after apply)
      + account_kind                      = "StorageV2"
      + account_replication_type          = "LRS"
      + account_tier                      = "Standard"
      + allow_nested_items_to_be_public   = true
      + enable_https_traffic_only         = true
      + id                                = (known after apply)
      + infrastructure_encryption_enabled = false
      + is_hns_enabled                    = false
      + large_file_share_enabled          = (known after apply)
      + location                          = "eastus"
      + min_tls_version                   = "TLS1_2"
      + name                              = "swathi1179devacc"
      + nfsv3_enabled                     = false
      + primary_access_key                = (sensitive value)
      + primary_blob_connection_string    = (sensitive value)
      + primary_blob_endpoint             = (known after apply)
      + primary_blob_host                 = (known after apply)
      + primary_connection_string         = (sensitive value)
      + primary_dfs_endpoint              = (known after apply)
      + primary_dfs_host                  = (known after apply)
      + primary_file_endpoint             = (known after apply)
      + primary_file_host                 = (known after apply)
      + primary_location                  = (known after apply)
      + primary_queue_endpoint            = (known after apply)
      + primary_queue_host                = (known after apply)
      + primary_table_endpoint            = (known after apply)
      + primary_table_host                = (known after apply)
      + primary_web_endpoint              = (known after apply)
      + primary_web_host                  = (known after apply)
      + queue_encryption_key_type         = "Service"
      + resource_group_name               = "devops-rg"
      + secondary_access_key              = (sensitive value)
      + secondary_blob_connection_string  = (sensitive value)
      + secondary_blob_endpoint           = (known after apply)
      + secondary_blob_host               = (known after apply)
      + secondary_connection_string       = (sensitive value)
      + secondary_dfs_endpoint            = (known after apply)
      + secondary_dfs_host                = (known after apply)
      + secondary_file_endpoint           = (known after apply)
      + secondary_file_host               = (known after apply)
      + secondary_location                = (known after apply)
      + secondary_queue_endpoint          = (known after apply)
      + secondary_queue_host              = (known after apply)
      + secondary_table_endpoint          = (known after apply)
      + secondary_table_host              = (known after apply)
      + secondary_web_endpoint            = (known after apply)
      + secondary_web_host                = (known after apply)
      + shared_access_key_enabled         = true
      + table_encryption_key_type         = "Service"
      + tags                              = {
          + "created_by"  = "swathi.vijai@tigeranalytics.com"
          + "created_for" = "training"
        }

      + blob_properties {
          + change_feed_enabled      = (known after apply)
          + default_service_version  = (known after apply)
          + last_access_time_enabled = (known after apply)
          + versioning_enabled       = (known after apply)

          + container_delete_retention_policy {
              + days = (known after apply)
            }

          + cors_rule {
              + allowed_headers    = (known after apply)
              + allowed_methods    = (known after apply)
              + allowed_origins    = (known after apply)
              + exposed_headers    = (known after apply)
              + max_age_in_seconds = (known after apply)
            }

          + delete_retention_policy {
              + days = (known after apply)
            }
        }

      + network_rules {
          + bypass                     = (known after apply)
          + default_action             = (known after apply)
          + ip_rules                   = (known after apply)
          + virtual_network_subnet_ids = (known after apply)

          + private_link_access {
              + endpoint_resource_id = (known after apply)
              + endpoint_tenant_id   = (known after apply)
            }
        }

      + queue_properties {
          + cors_rule {
              + allowed_headers    = (known after apply)
              + allowed_methods    = (known after apply)
              + allowed_origins    = (known after apply)
              + exposed_headers    = (known after apply)
              + max_age_in_seconds = (known after apply)
            }

          + hour_metrics {
              + enabled               = (known after apply)
              + include_apis          = (known after apply)
              + retention_policy_days = (known after apply)
              + version               = (known after apply)
            }

          + logging {
              + delete                = (known after apply)
              + read                  = (known after apply)
              + retention_policy_days = (known after apply)
              + version               = (known after apply)
              + write                 = (known after apply)
            }

          + minute_metrics {
              + enabled               = (known after apply)
              + include_apis          = (known after apply)
              + retention_policy_days = (known after apply)
              + version               = (known after apply)
            }
        }

      + routing {
          + choice                      = (known after apply)
          + publish_internet_endpoints  = (known after apply)
          + publish_microsoft_endpoints = (known after apply)
        }

      + share_properties {
          + cors_rule {
              + allowed_headers    = (known after apply)
              + allowed_methods    = (known after apply)
              + allowed_origins    = (known after apply)
              + exposed_headers    = (known after apply)
              + max_age_in_seconds = (known after apply)
            }

          + retention_policy {
              + days = (known after apply)
            }

          + smb {
              + authentication_types            = (known after apply)
              + channel_encryption_type         = (known after apply)
              + kerberos_ticket_encryption_type = (known after apply)
              + versions                        = (known after apply)
            }
        }
    }

  # module.devmodule.azurerm_storage_container.container[0] will be created
  + resource "azurerm_storage_container" "container" {
      + container_access_type   = "private"
      + has_immutability_policy = (known after apply)
      + has_legal_hold          = (known after apply)
      + id                      = (known after apply)
      + metadata                = (known after apply)
      + name                    = "swathi493"
      + resource_manager_id     = (known after apply)
      + storage_account_name    = "swathi1179devacc"
    }

  # module.devmodule.azurerm_storage_container.container[1] will be created
  + resource "azurerm_storage_container" "container" {
      + container_access_type   = "private"
      + has_immutability_policy = (known after apply)
      + has_legal_hold          = (known after apply)
      + id                      = (known after apply)
      + metadata                = (known after apply)
      + name                    = "swathi678"
      + resource_manager_id     = (known after apply)
      + storage_account_name    = "swathi1179devacc"
    }

  # module.devmodule.azurerm_subnet.subnet will be created
  + resource "azurerm_subnet" "subnet" {
      + address_prefixes                               = [
          + "10.0.1.0/24",
        ]
      + enforce_private_link_endpoint_network_policies = false
      + enforce_private_link_service_network_policies  = false
      + id                                             = (known after apply)
      + name                                           = "swathisnet1179dev"
      + resource_group_name                            = "devops-rg"
      + service_endpoints                              = [
          + "Microsoft.Sql",
        ]
      + virtual_network_name                           = "swathivnet1179dev"
    }

  # module.devmodule.azurerm_virtual_network.vnet will be created
  + resource "azurerm_virtual_network" "vnet" {
      + address_space       = [
          + "10.0.0.0/16",
        ]
      + dns_servers         = (known after apply)
      + guid                = (known after apply)
      + id                  = (known after apply)
      + location            = "eastus"
      + name                = "swathivnet1179dev"
      + resource_group_name = "devops-rg"
      + subnet              = (known after apply)
      + tags                = {
          + "created_by"  = "swathi.vijai@tigeranalytics.com"
          + "created_for" = "training"
        }
    }

  # module.devmodule.azurerm_windows_function_app.azfuncapp will be created
  + resource "azurerm_windows_function_app" "azfuncapp" {
      + builtin_logging_enabled           = true
      + client_certificate_enabled        = false
      + client_certificate_mode           = "Optional"
      + content_share_force_disabled      = false
      + custom_domain_verification_id     = (sensitive value)
      + daily_memory_time_quota           = 0
      + default_hostname                  = (known after apply)
      + enabled                           = true
      + functions_extension_version       = "~4"
      + https_only                        = (known after apply)
      + id                                = (known after apply)
      + key_vault_reference_identity_id   = (known after apply)
      + kind                              = (known after apply)
      + location                          = "eastus"
      + name                              = "swathifuncappdev1179"
      + outbound_ip_address_list          = (known after apply)
      + outbound_ip_addresses             = (known after apply)
      + possible_outbound_ip_address_list = (known after apply)
      + possible_outbound_ip_addresses    = (known after apply)
      + resource_group_name               = "devops-rg"
      + service_plan_id                   = (known after apply)
      + site_credential                   = (known after apply)
      + storage_account_access_key        = (sensitive value)
      + storage_account_name              = "swathi1179devacc"
      + storage_uses_managed_identity     = false

      + auth_settings {
          + additional_login_parameters    = (known after apply)
          + allowed_external_redirect_urls = (known after apply)
          + default_provider               = (known after apply)
          + enabled                        = (known after apply)
          + issuer                         = (known after apply)
          + runtime_version                = (known after apply)
          + token_refresh_extension_hours  = (known after apply)
          + token_store_enabled            = (known after apply)
          + unauthenticated_client_action  = (known after apply)

          + active_directory {
              + allowed_audiences          = (known after apply)
              + client_id                  = (known after apply)
              + client_secret              = (sensitive value)
              + client_secret_setting_name = (known after apply)
            }

          + facebook {
              + app_id                  = (known after apply)
              + app_secret              = (sensitive value)
              + app_secret_setting_name = (known after apply)
              + oauth_scopes            = (known after apply)
            }

          + github {
              + client_id                  = (known after apply)
              + client_secret              = (sensitive value)
              + client_secret_setting_name = (known after apply)
              + oauth_scopes               = (known after apply)
            }

          + google {
              + client_id                  = (known after apply)
              + client_secret              = (sensitive value)
              + client_secret_setting_name = (known after apply)
              + oauth_scopes               = (known after apply)
            }

          + microsoft {
              + client_id                  = (known after apply)
              + client_secret              = (sensitive value)
              + client_secret_setting_name = (known after apply)
              + oauth_scopes               = (known after apply)
            }

          + twitter {
              + consumer_key                 = (known after apply)
              + consumer_secret              = (sensitive value)
              + consumer_secret_setting_name = (known after apply)
            }
        }

      + site_config {
          + always_on                         = (known after apply)
          + app_scale_limit                   = (known after apply)
          + default_documents                 = (known after apply)
          + detailed_error_logging_enabled    = (known after apply)
          + elastic_instance_minimum          = (known after apply)
          + ftps_state                        = "Disabled"
          + health_check_eviction_time_in_min = (known after apply)
          + http2_enabled                     = false
          + ip_restriction                    = (known after apply)
          + load_balancing_mode               = "LeastRequests"
          + managed_pipeline_mode             = "Integrated"
          + minimum_tls_version               = "1.2"
          + pre_warmed_instance_count         = (known after apply)
          + remote_debugging_enabled          = false
          + remote_debugging_version          = (known after apply)
          + scm_ip_restriction                = (known after apply)
          + scm_minimum_tls_version           = "1.2"
          + scm_type                          = (known after apply)
          + scm_use_main_ip_restriction       = false
          + use_32_bit_worker                 = true
          + vnet_route_all_enabled            = false
          + websockets_enabled                = false
          + windows_fx_version                = (known after apply)
          + worker_count                      = (known after apply)
        }
    }

  # module.devmodule.random_password.password will be created
  + resource "random_password" "password" {
      + bcrypt_hash      = (sensitive value)
      + id               = (known after apply)
      + length           = 8
      + lower            = true
      + min_lower        = 1
      + min_numeric      = 1
      + min_special      = 1
      + min_upper        = 1
      + number           = true
      + numeric          = true
      + override_special = "_"
      + result           = (sensitive value)
      + special          = true
      + upper            = true
    }

Plan: 17 to add, 0 to change, 0 to destroy.

───────────────────────────────────────────────────────────────────────────────────────────────────────────────────────────────────────────────────────────────────────────────────────────────

Note: You didn't use the -out option to save this plan, so Terraform can't guarantee to take exactly these actions if you run "terraform apply" now.
PS D:\tf-asgmt2\env\dev> terraform apply

Terraform used the selected providers to generate the following execution plan. Resource actions are indicated with the following symbols:
  + create

Terraform will perform the following actions:

  # module.devmodule.azurerm_analysis_services_server.server will be created
  + resource "azurerm_analysis_services_server" "server" {
      + admin_users               = [
          + "swathi.vijai@tigeranalytics.com",
        ]
      + enable_power_bi_service   = true
      + id                        = (known after apply)
      + location                  = "eastus"
      + name                      = "swathi1179asdev"
      + querypool_connection_mode = (known after apply)
      + resource_group_name       = "devops-rg"
      + server_full_name          = (known after apply)
      + sku                       = "S0"
      + tags                      = {
          + "created_by"  = "swathi.vijai@tigeranalytics.com"
          + "created_for" = "training"
        }
    }

  # module.devmodule.azurerm_data_factory.adf will be created
  + resource "azurerm_data_factory" "adf" {
      + id                     = (known after apply)
      + location               = "eastus"
      + name                   = "swathiadfdev1179"
      + public_network_enabled = true
      + resource_group_name    = "devops-rg"
      + tags                   = {
          + "created_by"  = "swathi.vijai@tigeranalytics.com"
          + "created_for" = "training"
        }
    }

  # module.devmodule.azurerm_data_factory_linked_service_data_lake_storage_gen2.linked_service[0] will be created
  + resource "azurerm_data_factory_linked_service_data_lake_storage_gen2" "linked_service" {
      + data_factory_id       = (known after apply)
      + id                    = (known after apply)
      + name                  = "adflinkedservice1"
      + service_principal_id  = "79dd085d-67d3-44b5-994b-6a86f4104ef3"
      + service_principal_key = "devclient_secret"
      + tenant                = "e714ef31-faab-41d2-9f1e-e6df4af16ab8"
      + url                   = (known after apply)
      + use_managed_identity  = false
    }

  # module.devmodule.azurerm_data_factory_pipeline.adfpipeline will be created
  + resource "azurerm_data_factory_pipeline" "adfpipeline" {
      + data_factory_id = (known after apply)
      + id              = (known after apply)
      + name            = "adfdevpipeline1"
    }

  # module.devmodule.azurerm_databricks_workspace.adb will be created
  + resource "azurerm_databricks_workspace" "adb" {
      + customer_managed_key_enabled          = false
      + id                                    = (known after apply)
      + infrastructure_encryption_enabled     = false
      + location                              = "eastus"
      + managed_resource_group_id             = (known after apply)
      + managed_resource_group_name           = (known after apply)
      + name                                  = "swathiadbdev1179"
      + network_security_group_rules_required = (known after apply)
      + public_network_access_enabled         = true
      + resource_group_name                   = "devops-rg"
      + sku                                   = "standard"
      + storage_account_identity              = (known after apply)
      + tags                                  = {
          + "created_by"  = "swathi.vijai@tigeranalytics.com"
          + "created_for" = "training"
        }
      + workspace_id                          = (known after apply)
      + workspace_url                         = (known after apply)

      + custom_parameters {
          + machine_learning_workspace_id                        = (known after apply)
          + nat_gateway_name                                     = (known after apply)
          + no_public_ip                                         = (known after apply)
          + private_subnet_name                                  = (known after apply)
          + private_subnet_network_security_group_association_id = (known after apply)
          + public_ip_name                                       = (known after apply)
          + public_subnet_name                                   = (known after apply)
          + public_subnet_network_security_group_association_id  = (known after apply)
          + storage_account_name                                 = (known after apply)
          + storage_account_sku_name                             = (known after apply)
          + virtual_network_id                                   = (known after apply)
          + vnet_address_prefix                                  = (known after apply)
        }
    }

  # module.devmodule.azurerm_kusto_cluster.azkc will be created
  + resource "azurerm_kusto_cluster" "azkc" {
      + auto_stop_enabled             = true
      + data_ingestion_uri            = (known after apply)
      + disk_encryption_enabled       = false
      + engine                        = "V2"
      + id                            = (known after apply)
      + location                      = "eastus"
      + name                          = "swathi1179kcdev"
      + public_network_access_enabled = true
      + purge_enabled                 = false
      + resource_group_name           = "devops-rg"
      + streaming_ingestion_enabled   = false
      + tags                          = {
          + "created_by"  = "swathi.vijai@tigeranalytics.com"
          + "created_for" = "training"
        }
      + trusted_external_tenants      = (known after apply)
      + uri                           = (known after apply)

      + sku {
          + capacity = 2
          + name     = "Standard_D13_v2"
        }
    }

  # module.devmodule.azurerm_mssql_database.sql-db will be created
  + resource "azurerm_mssql_database" "sql-db" {
      + auto_pause_delay_in_minutes         = (known after apply)
      + collation                           = (known after apply)
      + create_mode                         = "Default"
      + creation_source_database_id         = (known after apply)
      + elastic_pool_id                     = (known after apply)
      + geo_backup_enabled                  = true
      + id                                  = (known after apply)
      + license_type                        = (known after apply)
      + max_size_gb                         = 5
      + min_capacity                        = (known after apply)
      + name                                = "swathi1179dev"
      + read_replica_count                  = (known after apply)
      + read_scale                          = (known after apply)
      + restore_point_in_time               = (known after apply)
      + sample_name                         = (known after apply)
      + server_id                           = (known after apply)
      + sku_name                            = "ElasticPool"
      + storage_account_type                = "Geo"
      + tags                                = {
          + "created_by"  = "swathi.vijai@tigeranalytics.com"
          + "created_for" = "training"
        }
      + transparent_data_encryption_enabled = true
      + zone_redundant                      = (known after apply)

      + long_term_retention_policy {
          + monthly_retention = (known after apply)
          + week_of_year      = (known after apply)
          + weekly_retention  = (known after apply)
          + yearly_retention  = (known after apply)
        }

      + short_term_retention_policy {
          + retention_days = (known after apply)
        }

      + threat_detection_policy {
          + disabled_alerts            = (known after apply)
          + email_account_admins       = (known after apply)
          + email_addresses            = (known after apply)
          + retention_days             = (known after apply)
          + state                      = (known after apply)
          + storage_account_access_key = (sensitive value)
          + storage_endpoint           = (known after apply)
        }
    }

  # module.devmodule.azurerm_mssql_elasticpool.az-elastic-pool will be created
  + resource "azurerm_mssql_elasticpool" "az-elastic-pool" {
      + id                  = (known after apply)
      + license_type        = "LicenseIncluded"
      + location            = "eastus"
      + max_size_bytes      = (known after apply)
      + max_size_gb         = 50
      + name                = "swathi1179dev"
      + resource_group_name = "devops-rg"
      + server_name         = "swathisqlserver1179dev"
      + tags                = {
          + "created_by"  = "swathi.vijai@tigeranalytics.com"
          + "created_for" = "training"
        }

      + per_database_settings {
          + max_capacity = 10
          + min_capacity = 0
        }

      + sku {
          + capacity = 50
          + name     = "StandardPool"
          + tier     = "Standard"
        }
    }

  # module.devmodule.azurerm_mssql_server.sqlserver will be created
  + resource "azurerm_mssql_server" "sqlserver" {
      + administrator_login                  = "swathi.vijai@tigeranalytics.com"
      + administrator_login_password         = (sensitive value)
      + connection_policy                    = "Default"
      + fully_qualified_domain_name          = (known after apply)
      + id                                   = (known after apply)
      + location                             = "eastus"
      + minimum_tls_version                  = "1.2"
      + name                                 = "swathisqlserver1179dev"
      + outbound_network_restriction_enabled = false
      + primary_user_assigned_identity_id    = (known after apply)
      + public_network_access_enabled        = true
      + resource_group_name                  = "devops-rg"
      + restorable_dropped_database_ids      = (known after apply)
      + tags                                 = {
          + "created_by"  = "swathi.vijai@tigeranalytics.com"
          + "created_for" = "training"
        }
      + version                              = "12.0"
    }

  # module.devmodule.azurerm_service_plan.azsp will be created
  + resource "azurerm_service_plan" "azsp" {
      + id                           = (known after apply)
      + kind                         = (known after apply)
      + location                     = "eastus"
      + maximum_elastic_worker_count = (known after apply)
      + name                         = "swathi1179spdev"
      + os_type                      = "Windows"
      + per_site_scaling_enabled     = false
      + reserved                     = (known after apply)
      + resource_group_name          = "devops-rg"
      + sku_name                     = "Y1"
      + worker_count                 = (known after apply)
    }

  # module.devmodule.azurerm_storage_account.storage_account will be created
  + resource "azurerm_storage_account" "storage_account" {
      + access_tier                       = (known after apply)
      + account_kind                      = "StorageV2"
      + account_replication_type          = "LRS"
      + account_tier                      = "Standard"
      + allow_nested_items_to_be_public   = true
      + enable_https_traffic_only         = true
      + id                                = (known after apply)
      + infrastructure_encryption_enabled = false
      + is_hns_enabled                    = false
      + large_file_share_enabled          = (known after apply)
      + location                          = "eastus"
      + min_tls_version                   = "TLS1_2"
      + name                              = "swathi1179devacc"
      + nfsv3_enabled                     = false
      + primary_access_key                = (sensitive value)
      + primary_blob_connection_string    = (sensitive value)
      + primary_blob_endpoint             = (known after apply)
      + primary_blob_host                 = (known after apply)
      + primary_connection_string         = (sensitive value)
      + primary_dfs_endpoint              = (known after apply)
      + primary_dfs_host                  = (known after apply)
      + primary_file_endpoint             = (known after apply)
      + primary_file_host                 = (known after apply)
      + primary_location                  = (known after apply)
      + primary_queue_endpoint            = (known after apply)
      + primary_queue_host                = (known after apply)
      + primary_table_endpoint            = (known after apply)
      + primary_table_host                = (known after apply)
      + primary_web_endpoint              = (known after apply)
      + primary_web_host                  = (known after apply)
      + queue_encryption_key_type         = "Service"
      + resource_group_name               = "devops-rg"
      + secondary_access_key              = (sensitive value)
      + secondary_blob_connection_string  = (sensitive value)
      + secondary_blob_endpoint           = (known after apply)
      + secondary_blob_host               = (known after apply)
      + secondary_connection_string       = (sensitive value)
      + secondary_dfs_endpoint            = (known after apply)
      + secondary_dfs_host                = (known after apply)
      + secondary_file_endpoint           = (known after apply)
      + secondary_file_host               = (known after apply)
      + secondary_location                = (known after apply)
      + secondary_queue_endpoint          = (known after apply)
      + secondary_queue_host              = (known after apply)
      + secondary_table_endpoint          = (known after apply)
      + secondary_table_host              = (known after apply)
      + secondary_web_endpoint            = (known after apply)
      + secondary_web_host                = (known after apply)
      + shared_access_key_enabled         = true
      + table_encryption_key_type         = "Service"
      + tags                              = {
          + "created_by"  = "swathi.vijai@tigeranalytics.com"
          + "created_for" = "training"
        }

      + blob_properties {
          + change_feed_enabled      = (known after apply)
          + default_service_version  = (known after apply)
          + last_access_time_enabled = (known after apply)
          + versioning_enabled       = (known after apply)

          + container_delete_retention_policy {
              + days = (known after apply)
            }

          + cors_rule {
              + allowed_headers    = (known after apply)
              + allowed_methods    = (known after apply)
              + allowed_origins    = (known after apply)
              + exposed_headers    = (known after apply)
              + max_age_in_seconds = (known after apply)
            }

          + delete_retention_policy {
              + days = (known after apply)
            }
        }

      + network_rules {
          + bypass                     = (known after apply)
          + default_action             = (known after apply)
          + ip_rules                   = (known after apply)
          + virtual_network_subnet_ids = (known after apply)

          + private_link_access {
              + endpoint_resource_id = (known after apply)
              + endpoint_tenant_id   = (known after apply)
            }
        }

      + queue_properties {
          + cors_rule {
              + allowed_headers    = (known after apply)
              + allowed_methods    = (known after apply)
              + allowed_origins    = (known after apply)
              + exposed_headers    = (known after apply)
              + max_age_in_seconds = (known after apply)
            }

          + hour_metrics {
              + enabled               = (known after apply)
              + include_apis          = (known after apply)
              + retention_policy_days = (known after apply)
              + version               = (known after apply)
            }

          + logging {
              + delete                = (known after apply)
              + read                  = (known after apply)
              + retention_policy_days = (known after apply)
              + version               = (known after apply)
              + write                 = (known after apply)
            }

          + minute_metrics {
              + enabled               = (known after apply)
              + include_apis          = (known after apply)
              + retention_policy_days = (known after apply)
              + version               = (known after apply)
            }
        }

      + routing {
          + choice                      = (known after apply)
          + publish_internet_endpoints  = (known after apply)
          + publish_microsoft_endpoints = (known after apply)
        }

      + share_properties {
          + cors_rule {
              + allowed_headers    = (known after apply)
              + allowed_methods    = (known after apply)
              + allowed_origins    = (known after apply)
              + exposed_headers    = (known after apply)
              + max_age_in_seconds = (known after apply)
            }

          + retention_policy {
              + days = (known after apply)
            }

          + smb {
              + authentication_types            = (known after apply)
              + channel_encryption_type         = (known after apply)
              + kerberos_ticket_encryption_type = (known after apply)
              + versions                        = (known after apply)
            }
        }
    }

  # module.devmodule.azurerm_storage_container.container[0] will be created
  + resource "azurerm_storage_container" "container" {
      + container_access_type   = "private"
      + has_immutability_policy = (known after apply)
      + has_legal_hold          = (known after apply)
      + id                      = (known after apply)
      + metadata                = (known after apply)
      + name                    = "swathi493"
      + resource_manager_id     = (known after apply)
      + storage_account_name    = "swathi1179devacc"
    }

  # module.devmodule.azurerm_storage_container.container[1] will be created
  + resource "azurerm_storage_container" "container" {
      + container_access_type   = "private"
      + has_immutability_policy = (known after apply)
      + has_legal_hold          = (known after apply)
      + id                      = (known after apply)
      + metadata                = (known after apply)
      + name                    = "swathi678"
      + resource_manager_id     = (known after apply)
      + storage_account_name    = "swathi1179devacc"
    }

  # module.devmodule.azurerm_subnet.subnet will be created
  + resource "azurerm_subnet" "subnet" {
      + address_prefixes                               = [
          + "10.0.1.0/24",
        ]
      + enforce_private_link_endpoint_network_policies = false
      + enforce_private_link_service_network_policies  = false
      + id                                             = (known after apply)
      + name                                           = "swathisnet1179dev"
      + resource_group_name                            = "devops-rg"
      + service_endpoints                              = [
          + "Microsoft.Sql",
        ]
      + virtual_network_name                           = "swathivnet1179dev"
    }

  # module.devmodule.azurerm_virtual_network.vnet will be created
  + resource "azurerm_virtual_network" "vnet" {
      + address_space       = [
          + "10.0.0.0/16",
        ]
      + dns_servers         = (known after apply)
      + guid                = (known after apply)
      + id                  = (known after apply)
      + location            = "eastus"
      + name                = "swathivnet1179dev"
      + resource_group_name = "devops-rg"
      + subnet              = (known after apply)
      + tags                = {
          + "created_by"  = "swathi.vijai@tigeranalytics.com"
          + "created_for" = "training"
        }
    }

  # module.devmodule.azurerm_windows_function_app.azfuncapp will be created
  + resource "azurerm_windows_function_app" "azfuncapp" {
      + builtin_logging_enabled           = true
      + client_certificate_enabled        = false
      + client_certificate_mode           = "Optional"
      + content_share_force_disabled      = false
      + custom_domain_verification_id     = (sensitive value)
      + daily_memory_time_quota           = 0
      + default_hostname                  = (known after apply)
      + enabled                           = true
      + functions_extension_version       = "~4"
      + https_only                        = (known after apply)
      + id                                = (known after apply)
      + key_vault_reference_identity_id   = (known after apply)
      + kind                              = (known after apply)
      + location                          = "eastus"
      + name                              = "swathifuncappdev1179"
      + outbound_ip_address_list          = (known after apply)
      + outbound_ip_addresses             = (known after apply)
      + possible_outbound_ip_address_list = (known after apply)
      + possible_outbound_ip_addresses    = (known after apply)
      + resource_group_name               = "devops-rg"
      + service_plan_id                   = (known after apply)
      + site_credential                   = (known after apply)
      + storage_account_access_key        = (sensitive value)
      + storage_account_name              = "swathi1179devacc"
      + storage_uses_managed_identity     = false

      + auth_settings {
          + additional_login_parameters    = (known after apply)
          + allowed_external_redirect_urls = (known after apply)
          + default_provider               = (known after apply)
          + enabled                        = (known after apply)
          + issuer                         = (known after apply)
          + runtime_version                = (known after apply)
          + token_refresh_extension_hours  = (known after apply)
          + token_store_enabled            = (known after apply)
          + unauthenticated_client_action  = (known after apply)

          + active_directory {
              + allowed_audiences          = (known after apply)
              + client_id                  = (known after apply)
              + client_secret              = (sensitive value)
              + client_secret_setting_name = (known after apply)
            }

          + facebook {
              + app_id                  = (known after apply)
              + app_secret              = (sensitive value)
              + app_secret_setting_name = (known after apply)
              + oauth_scopes            = (known after apply)
            }

          + github {
              + client_id                  = (known after apply)
              + client_secret              = (sensitive value)
              + client_secret_setting_name = (known after apply)
              + oauth_scopes               = (known after apply)
            }

          + google {
              + client_id                  = (known after apply)
              + client_secret              = (sensitive value)
              + client_secret_setting_name = (known after apply)
              + oauth_scopes               = (known after apply)
            }

          + microsoft {
              + client_id                  = (known after apply)
              + client_secret              = (sensitive value)
              + client_secret_setting_name = (known after apply)
              + oauth_scopes               = (known after apply)
            }

          + twitter {
              + consumer_key                 = (known after apply)
              + consumer_secret              = (sensitive value)
              + consumer_secret_setting_name = (known after apply)
            }
        }

      + site_config {
          + always_on                         = (known after apply)
          + app_scale_limit                   = (known after apply)
          + default_documents                 = (known after apply)
          + detailed_error_logging_enabled    = (known after apply)
          + elastic_instance_minimum          = (known after apply)
          + ftps_state                        = "Disabled"
          + health_check_eviction_time_in_min = (known after apply)
          + http2_enabled                     = false
          + ip_restriction                    = (known after apply)
          + load_balancing_mode               = "LeastRequests"
          + managed_pipeline_mode             = "Integrated"
          + minimum_tls_version               = "1.2"
          + pre_warmed_instance_count         = (known after apply)
          + remote_debugging_enabled          = false
          + remote_debugging_version          = (known after apply)
          + scm_ip_restriction                = (known after apply)
          + scm_minimum_tls_version           = "1.2"
          + scm_type                          = (known after apply)
          + scm_use_main_ip_restriction       = false
          + use_32_bit_worker                 = true
          + vnet_route_all_enabled            = false
          + websockets_enabled                = false
          + windows_fx_version                = (known after apply)
          + worker_count                      = (known after apply)
        }
    }

  # module.devmodule.random_password.password will be created
  + resource "random_password" "password" {
      + bcrypt_hash      = (sensitive value)
      + id               = (known after apply)
      + length           = 8
      + lower            = true
      + min_lower        = 1
      + min_numeric      = 1
      + min_special      = 1
      + min_upper        = 1
      + number           = true
      + numeric          = true
      + override_special = "_"
      + result           = (sensitive value)
      + special          = true
      + upper            = true
    }

Plan: 17 to add, 0 to change, 0 to destroy.

Do you want to perform these actions?
  Terraform will perform the actions described above.
  Only 'yes' will be accepted to approve.

  Enter a value: yes

module.devmodule.random_password.password: Creating...
module.devmodule.random_password.password: Creation complete after 0s [id=none]
module.devmodule.azurerm_analysis_services_server.server: Creating...
module.devmodule.azurerm_data_factory.adf: Creating...
module.devmodule.azurerm_service_plan.azsp: Creating...
module.devmodule.azurerm_virtual_network.vnet: Creating...
module.devmodule.azurerm_databricks_workspace.adb: Creating...
module.devmodule.azurerm_mssql_server.sqlserver: Creating...
module.devmodule.azurerm_kusto_cluster.azkc: Creating...
module.devmodule.azurerm_storage_account.storage_account: Creating...
module.devmodule.azurerm_mssql_server.sqlserver: Still creating... [10s elapsed]
module.devmodule.azurerm_storage_account.storage_account: Still creating... [10s elapsed]
module.devmodule.azurerm_virtual_network.vnet: Still creating... [10s elapsed]
module.devmodule.azurerm_service_plan.azsp: Still creating... [10s elapsed]
module.devmodule.azurerm_kusto_cluster.azkc: Still creating... [10s elapsed]
module.devmodule.azurerm_analysis_services_server.server: Still creating... [10s elapsed]
module.devmodule.azurerm_data_factory.adf: Still creating... [10s elapsed]
module.devmodule.azurerm_databricks_workspace.adb: Still creating... [10s elapsed]
module.devmodule.azurerm_virtual_network.vnet: Creation complete after 14s [id=/subscriptions/71ae4048-2e46-4255-8eca-c47663aa8f0c/resourceGroups/devops-rg/providers/Microsoft.Network/virtualN
etworks/swathivnet1179dev]
module.devmodule.azurerm_subnet.subnet: Creating...
module.devmodule.azurerm_data_factory.adf: Creation complete after 15s [id=/subscriptions/71ae4048-2e46-4255-8eca-c47663aa8f0c/resourceGroups/devops-rg/providers/Microsoft.DataFactory/factorie
s/swathiadfdev1179]
module.devmodule.azurerm_data_factory_pipeline.adfpipeline: Creating...
module.devmodule.azurerm_service_plan.azsp: Creation complete after 16s [id=/subscriptions/71ae4048-2e46-4255-8eca-c47663aa8f0c/resourceGroups/devops-rg/providers/Microsoft.Web/serverfarms/swa
thi1179spdev]
module.devmodule.azurerm_data_factory_pipeline.adfpipeline: Creation complete after 4s [id=/subscriptions/71ae4048-2e46-4255-8eca-c47663aa8f0c/resourceGroups/devops-rg/providers/Microsoft.Data
Factory/factories/swathiadfdev1179/pipelines/adfdevpipeline1]
module.devmodule.azurerm_storage_account.storage_account: Still creating... [20s elapsed]
module.devmodule.azurerm_databricks_workspace.adb: Still creating... [20s elapsed]
module.devmodule.azurerm_analysis_services_server.server: Still creating... [20s elapsed]
module.devmodule.azurerm_kusto_cluster.azkc: Still creating... [20s elapsed]
module.devmodule.azurerm_mssql_server.sqlserver: Still creating... [20s elapsed]
module.devmodule.azurerm_subnet.subnet: Creation complete after 10s [id=/subscriptions/71ae4048-2e46-4255-8eca-c47663aa8f0c/resourceGroups/devops-rg/providers/Microsoft.Network/virtualNetworks
/swathivnet1179dev/subnets/swathisnet1179dev]
module.devmodule.azurerm_mssql_server.sqlserver: Still creating... [30s elapsed]
module.devmodule.azurerm_databricks_workspace.adb: Still creating... [30s elapsed]
module.devmodule.azurerm_storage_account.storage_account: Still creating... [30s elapsed]
module.devmodule.azurerm_kusto_cluster.azkc: Still creating... [30s elapsed]
module.devmodule.azurerm_analysis_services_server.server: Still creating... [30s elapsed]
module.devmodule.azurerm_kusto_cluster.azkc: Still creating... [40s elapsed]
module.devmodule.azurerm_analysis_services_server.server: Still creating... [40s elapsed]
module.devmodule.azurerm_mssql_server.sqlserver: Still creating... [40s elapsed]
module.devmodule.azurerm_storage_account.storage_account: Still creating... [40s elapsed]
module.devmodule.azurerm_databricks_workspace.adb: Still creating... [40s elapsed]
module.devmodule.azurerm_storage_account.storage_account: Creation complete after 47s [id=/subscriptions/71ae4048-2e46-4255-8eca-c47663aa8f0c/resourceGroups/devops-rg/providers/Microsoft.Stora
ge/storageAccounts/swathi1179devacc]
module.devmodule.azurerm_storage_container.container[0]: Creating...
module.devmodule.azurerm_storage_container.container[1]: Creating...
module.devmodule.azurerm_data_factory_linked_service_data_lake_storage_gen2.linked_service[0]: Creating...
module.devmodule.azurerm_storage_container.container[0]: Creation complete after 2s [id=https://swathi1179devacc.blob.core.windows.net/swathi493]
module.devmodule.azurerm_storage_container.container[1]: Creation complete after 2s [id=https://swathi1179devacc.blob.core.windows.net/swathi678]
module.devmodule.azurerm_mssql_server.sqlserver: Still creating... [50s elapsed]
module.devmodule.azurerm_databricks_workspace.adb: Still creating... [50s elapsed]
module.devmodule.azurerm_analysis_services_server.server: Still creating... [50s elapsed]
module.devmodule.azurerm_kusto_cluster.azkc: Still creating... [50s elapsed]
module.devmodule.azurerm_data_factory_linked_service_data_lake_storage_gen2.linked_service[0]: Creation complete after 5s [id=/subscriptions/71ae4048-2e46-4255-8eca-c47663aa8f0c/resourceGroups
/devops-rg/providers/Microsoft.DataFactory/factories/swathiadfdev1179/linkedservices/adflinkedservice1]
module.devmodule.azurerm_windows_function_app.azfuncapp: Creating...
module.devmodule.azurerm_mssql_server.sqlserver: Still creating... [1m0s elapsed]
module.devmodule.azurerm_kusto_cluster.azkc: Still creating... [1m0s elapsed]
module.devmodule.azurerm_databricks_workspace.adb: Still creating... [1m0s elapsed]
module.devmodule.azurerm_analysis_services_server.server: Still creating... [1m0s elapsed]
module.devmodule.azurerm_windows_function_app.azfuncapp: Still creating... [10s elapsed]
module.devmodule.azurerm_mssql_server.sqlserver: Still creating... [1m10s elapsed]
module.devmodule.azurerm_kusto_cluster.azkc: Still creating... [1m10s elapsed]
module.devmodule.azurerm_analysis_services_server.server: Still creating... [1m10s elapsed]
module.devmodule.azurerm_databricks_workspace.adb: Still creating... [1m10s elapsed]
module.devmodule.azurerm_windows_function_app.azfuncapp: Still creating... [20s elapsed]
module.devmodule.azurerm_mssql_server.sqlserver: Creation complete after 1m17s [id=/subscriptions/71ae4048-2e46-4255-8eca-c47663aa8f0c/resourceGroups/devops-rg/providers/Microsoft.Sql/servers/
swathisqlserver1179dev]
module.devmodule.azurerm_mssql_elasticpool.az-elastic-pool: Creating...
module.devmodule.azurerm_kusto_cluster.azkc: Still creating... [1m20s elapsed]
module.devmodule.azurerm_analysis_services_server.server: Still creating... [1m20s elapsed]
module.devmodule.azurerm_databricks_workspace.adb: Still creating... [1m20s elapsed]
module.devmodule.azurerm_windows_function_app.azfuncapp: Still creating... [30s elapsed]
module.devmodule.azurerm_mssql_elasticpool.az-elastic-pool: Still creating... [10s elapsed]
module.devmodule.azurerm_analysis_services_server.server: Still creating... [1m30s elapsed]
module.devmodule.azurerm_databricks_workspace.adb: Still creating... [1m30s elapsed]
module.devmodule.azurerm_kusto_cluster.azkc: Still creating... [1m30s elapsed]
module.devmodule.azurerm_windows_function_app.azfuncapp: Still creating... [40s elapsed]
module.devmodule.azurerm_mssql_elasticpool.az-elastic-pool: Still creating... [20s elapsed]
module.devmodule.azurerm_analysis_services_server.server: Still creating... [1m40s elapsed]
module.devmodule.azurerm_kusto_cluster.azkc: Still creating... [1m40s elapsed]
module.devmodule.azurerm_databricks_workspace.adb: Still creating... [1m40s elapsed]
module.devmodule.azurerm_windows_function_app.azfuncapp: Still creating... [50s elapsed]
module.devmodule.azurerm_mssql_elasticpool.az-elastic-pool: Still creating... [30s elapsed]
module.devmodule.azurerm_analysis_services_server.server: Still creating... [1m50s elapsed]
module.devmodule.azurerm_databricks_workspace.adb: Still creating... [1m50s elapsed]
module.devmodule.azurerm_kusto_cluster.azkc: Still creating... [1m50s elapsed]
module.devmodule.azurerm_analysis_services_server.server: Creation complete after 1m52s [id=/subscriptions/71ae4048-2e46-4255-8eca-c47663aa8f0c/resourceGroups/devops-rg/providers/Microsoft.Ana
lysisServices/servers/swathi1179asdev]
module.devmodule.azurerm_windows_function_app.azfuncapp: Still creating... [1m0s elapsed]
module.devmodule.azurerm_mssql_elasticpool.az-elastic-pool: Creation complete after 37s [id=/subscriptions/71ae4048-2e46-4255-8eca-c47663aa8f0c/resourceGroups/devops-rg/providers/Microsoft.Sql
/servers/swathisqlserver1179dev/elasticPools/swathi1179dev]
module.devmodule.azurerm_mssql_database.sql-db: Creating...
module.devmodule.azurerm_windows_function_app.azfuncapp: Creation complete after 1m4s [id=/subscriptions/71ae4048-2e46-4255-8eca-c47663aa8f0c/resourceGroups/devops-rg/providers/Microsoft.Web/s
ites/swathifuncappdev1179]
module.devmodule.azurerm_databricks_workspace.adb: Still creating... [2m0s elapsed]
module.devmodule.azurerm_kusto_cluster.azkc: Still creating... [2m0s elapsed]
module.devmodule.azurerm_mssql_database.sql-db: Still creating... [10s elapsed]
module.devmodule.azurerm_kusto_cluster.azkc: Still creating... [2m10s elapsed]
module.devmodule.azurerm_databricks_workspace.adb: Still creating... [2m10s elapsed]
module.devmodule.azurerm_mssql_database.sql-db: Still creating... [20s elapsed]
module.devmodule.azurerm_databricks_workspace.adb: Still creating... [2m20s elapsed]
module.devmodule.azurerm_kusto_cluster.azkc: Still creating... [2m20s elapsed]
module.devmodule.azurerm_databricks_workspace.adb: Creation complete after 2m21s [id=/subscriptions/71ae4048-2e46-4255-8eca-c47663aa8f0c/resourceGroups/devops-rg/providers/Microsoft.Databricks
/workspaces/swathiadbdev1179]
module.devmodule.azurerm_mssql_database.sql-db: Still creating... [30s elapsed]
module.devmodule.azurerm_kusto_cluster.azkc: Still creating... [2m30s elapsed]
module.devmodule.azurerm_mssql_database.sql-db: Still creating... [40s elapsed]
module.devmodule.azurerm_kusto_cluster.azkc: Still creating... [2m40s elapsed]
module.devmodule.azurerm_mssql_database.sql-db: Still creating... [50s elapsed]
module.devmodule.azurerm_kusto_cluster.azkc: Still creating... [2m50s elapsed]
module.devmodule.azurerm_mssql_database.sql-db: Still creating... [1m0s elapsed]
module.devmodule.azurerm_kusto_cluster.azkc: Still creating... [3m0s elapsed]
module.devmodule.azurerm_mssql_database.sql-db: Still creating... [1m10s elapsed]
module.devmodule.azurerm_kusto_cluster.azkc: Still creating... [3m10s elapsed]
module.devmodule.azurerm_mssql_database.sql-db: Still creating... [1m20s elapsed]
module.devmodule.azurerm_kusto_cluster.azkc: Still creating... [3m20s elapsed]
module.devmodule.azurerm_mssql_database.sql-db: Still creating... [1m30s elapsed]
module.devmodule.azurerm_mssql_database.sql-db: Creation complete after 1m35s [id=/subscriptions/71ae4048-2e46-4255-8eca-c47663aa8f0c/resourceGroups/devops-rg/providers/Microsoft.Sql/servers/s
wathisqlserver1179dev/databases/swathi1179dev]
module.devmodule.azurerm_kusto_cluster.azkc: Still creating... [3m30s elapsed]
module.devmodule.azurerm_kusto_cluster.azkc: Still creating... [3m40s elapsed]
module.devmodule.azurerm_kusto_cluster.azkc: Still creating... [3m50s elapsed]
module.devmodule.azurerm_kusto_cluster.azkc: Still creating... [4m0s elapsed]
module.devmodule.azurerm_kusto_cluster.azkc: Still creating... [4m10s elapsed]
module.devmodule.azurerm_kusto_cluster.azkc: Still creating... [4m20s elapsed]
module.devmodule.azurerm_kusto_cluster.azkc: Still creating... [4m30s elapsed]
module.devmodule.azurerm_kusto_cluster.azkc: Still creating... [4m40s elapsed]
module.devmodule.azurerm_kusto_cluster.azkc: Still creating... [4m50s elapsed]
module.devmodule.azurerm_kusto_cluster.azkc: Still creating... [5m0s elapsed]
module.devmodule.azurerm_kusto_cluster.azkc: Still creating... [5m10s elapsed]
module.devmodule.azurerm_kusto_cluster.azkc: Still creating... [5m21s elapsed]
module.devmodule.azurerm_kusto_cluster.azkc: Still creating... [5m32s elapsed]
module.devmodule.azurerm_kusto_cluster.azkc: Still creating... [5m42s elapsed]
module.devmodule.azurerm_kusto_cluster.azkc: Still creating... [5m52s elapsed]
module.devmodule.azurerm_kusto_cluster.azkc: Still creating... [6m2s elapsed]
module.devmodule.azurerm_kusto_cluster.azkc: Still creating... [6m12s elapsed]
module.devmodule.azurerm_kusto_cluster.azkc: Still creating... [6m22s elapsed]
module.devmodule.azurerm_kusto_cluster.azkc: Still creating... [6m32s elapsed]
module.devmodule.azurerm_kusto_cluster.azkc: Still creating... [6m42s elapsed]
module.devmodule.azurerm_kusto_cluster.azkc: Still creating... [6m52s elapsed]
module.devmodule.azurerm_kusto_cluster.azkc: Still creating... [7m2s elapsed]
module.devmodule.azurerm_kusto_cluster.azkc: Still creating... [7m12s elapsed]
module.devmodule.azurerm_kusto_cluster.azkc: Still creating... [7m22s elapsed]
module.devmodule.azurerm_kusto_cluster.azkc: Still creating... [7m32s elapsed]
module.devmodule.azurerm_kusto_cluster.azkc: Still creating... [7m42s elapsed]
module.devmodule.azurerm_kusto_cluster.azkc: Still creating... [7m52s elapsed]
module.devmodule.azurerm_kusto_cluster.azkc: Still creating... [8m2s elapsed]
module.devmodule.azurerm_kusto_cluster.azkc: Still creating... [8m12s elapsed]
module.devmodule.azurerm_kusto_cluster.azkc: Still creating... [8m22s elapsed]
module.devmodule.azurerm_kusto_cluster.azkc: Still creating... [8m32s elapsed]
module.devmodule.azurerm_kusto_cluster.azkc: Creation complete after 8m33s [id=/subscriptions/71ae4048-2e46-4255-8eca-c47663aa8f0c/resourceGroups/devops-rg/providers/Microsoft.Kusto/Clusters/s
wathi1179kcdev]

Apply complete! Resources: 17 added, 0 changed, 0 destroyed.
PS D:\tf-asgmt2\env\dev> terraform destroy
module.devmodule.random_password.password: Refreshing state... [id=none]
module.devmodule.azurerm_virtual_network.vnet: Refreshing state... [id=/subscriptions/71ae4048-2e46-4255-8eca-c47663aa8f0c/resourceGroups/devops-rg/providers/Microsoft.Network/virtualNetworks/
swathivnet1179dev]
module.devmodule.azurerm_service_plan.azsp: Refreshing state... [id=/subscriptions/71ae4048-2e46-4255-8eca-c47663aa8f0c/resourceGroups/devops-rg/providers/Microsoft.Web/serverfarms/swathi1179s
pdev]
module.devmodule.azurerm_data_factory.adf: Refreshing state... [id=/subscriptions/71ae4048-2e46-4255-8eca-c47663aa8f0c/resourceGroups/devops-rg/providers/Microsoft.DataFactory/factories/swathi
adfdev1179]
module.devmodule.azurerm_analysis_services_server.server: Refreshing state... [id=/subscriptions/71ae4048-2e46-4255-8eca-c47663aa8f0c/resourceGroups/devops-rg/providers/Microsoft.AnalysisServi
ces/servers/swathi1179asdev]
module.devmodule.azurerm_mssql_server.sqlserver: Refreshing state... [id=/subscriptions/71ae4048-2e46-4255-8eca-c47663aa8f0c/resourceGroups/devops-rg/providers/Microsoft.Sql/servers/swathisqls
erver1179dev]
module.devmodule.azurerm_databricks_workspace.adb: Refreshing state... [id=/subscriptions/71ae4048-2e46-4255-8eca-c47663aa8f0c/resourceGroups/devops-rg/providers/Microsoft.Databricks/workspace
s/swathiadbdev1179]
module.devmodule.azurerm_kusto_cluster.azkc: Refreshing state... [id=/subscriptions/71ae4048-2e46-4255-8eca-c47663aa8f0c/resourceGroups/devops-rg/providers/Microsoft.Kusto/Clusters/swathi1179k
cdev]
module.devmodule.azurerm_storage_account.storage_account: Refreshing state... [id=/subscriptions/71ae4048-2e46-4255-8eca-c47663aa8f0c/resourceGroups/devops-rg/providers/Microsoft.Storage/stora
geAccounts/swathi1179devacc]
module.devmodule.azurerm_subnet.subnet: Refreshing state... [id=/subscriptions/71ae4048-2e46-4255-8eca-c47663aa8f0c/resourceGroups/devops-rg/providers/Microsoft.Network/virtualNetworks/swathiv
net1179dev/subnets/swathisnet1179dev]
module.devmodule.azurerm_data_factory_pipeline.adfpipeline: Refreshing state... [id=/subscriptions/71ae4048-2e46-4255-8eca-c47663aa8f0c/resourceGroups/devops-rg/providers/Microsoft.DataFactory
/factories/swathiadfdev1179/pipelines/adfdevpipeline1]
module.devmodule.azurerm_mssql_elasticpool.az-elastic-pool: Refreshing state... [id=/subscriptions/71ae4048-2e46-4255-8eca-c47663aa8f0c/resourceGroups/devops-rg/providers/Microsoft.Sql/servers
/swathisqlserver1179dev/elasticPools/swathi1179dev]
module.devmodule.azurerm_mssql_database.sql-db: Refreshing state... [id=/subscriptions/71ae4048-2e46-4255-8eca-c47663aa8f0c/resourceGroups/devops-rg/providers/Microsoft.Sql/servers/swathisqlse
rver1179dev/databases/swathi1179dev]
module.devmodule.azurerm_storage_container.container[1]: Refreshing state... [id=https://swathi1179devacc.blob.core.windows.net/swathi678]
module.devmodule.azurerm_storage_container.container[0]: Refreshing state... [id=https://swathi1179devacc.blob.core.windows.net/swathi493]
module.devmodule.azurerm_data_factory_linked_service_data_lake_storage_gen2.linked_service[0]: Refreshing state... [id=/subscriptions/71ae4048-2e46-4255-8eca-c47663aa8f0c/resourceGroups/devops
-rg/providers/Microsoft.DataFactory/factories/swathiadfdev1179/linkedservices/adflinkedservice1]
module.devmodule.azurerm_windows_function_app.azfuncapp: Refreshing state... [id=/subscriptions/71ae4048-2e46-4255-8eca-c47663aa8f0c/resourceGroups/devops-rg/providers/Microsoft.Web/sites/swat
hifuncappdev1179]

Terraform used the selected providers to generate the following execution plan. Resource actions are indicated with the following symbols:
  - destroy

Terraform will perform the following actions:

  # module.devmodule.azurerm_analysis_services_server.server will be destroyed
  - resource "azurerm_analysis_services_server" "server" {
      - admin_users               = [
          - "swathi.vijai@tigeranalytics.com",
        ] -> null
      - enable_power_bi_service   = true -> null
      - id                        = "/subscriptions/71ae4048-2e46-4255-8eca-c47663aa8f0c/resourceGroups/devops-rg/providers/Microsoft.AnalysisServices/servers/swathi1179asdev" -> null
      - location                  = "eastus" -> null
      - name                      = "swathi1179asdev" -> null
      - querypool_connection_mode = "All" -> null
      - resource_group_name       = "devops-rg" -> null
      - server_full_name          = "asazure://eastus.asazure.windows.net/swathi1179asdev" -> null
      - sku                       = "S0" -> null
      - tags                      = {
          - "created_by"  = "swathi.vijai@tigeranalytics.com"
          - "created_for" = "training"
        } -> null
    }

  # module.devmodule.azurerm_data_factory.adf will be destroyed
  - resource "azurerm_data_factory" "adf" {
      - id                              = "/subscriptions/71ae4048-2e46-4255-8eca-c47663aa8f0c/resourceGroups/devops-rg/providers/Microsoft.DataFactory/factories/swathiadfdev1179" -> null
      - location                        = "eastus" -> null
      - managed_virtual_network_enabled = false -> null
      - name                            = "swathiadfdev1179" -> null
      - public_network_enabled          = true -> null
      - resource_group_name             = "devops-rg" -> null
      - tags                            = {
          - "created_by"  = "swathi.vijai@tigeranalytics.com"
          - "created_for" = "training"
        } -> null
    }

  # module.devmodule.azurerm_data_factory_linked_service_data_lake_storage_gen2.linked_service[0] will be destroyed
  - resource "azurerm_data_factory_linked_service_data_lake_storage_gen2" "linked_service" {
      - additional_properties = {} -> null
      - annotations           = [] -> null
      - data_factory_id       = "/subscriptions/71ae4048-2e46-4255-8eca-c47663aa8f0c/resourceGroups/devops-rg/providers/Microsoft.DataFactory/factories/swathiadfdev1179" -> null
      - id                    = "/subscriptions/71ae4048-2e46-4255-8eca-c47663aa8f0c/resourceGroups/devops-rg/providers/Microsoft.DataFactory/factories/swathiadfdev1179/linkedservices/adflinke
dservice1" -> null
      - name                  = "adflinkedservice1" -> null
      - parameters            = {} -> null
      - service_principal_id  = "79dd085d-67d3-44b5-994b-6a86f4104ef3" -> null
      - service_principal_key = "devclient_secret" -> null
      - tenant                = "e714ef31-faab-41d2-9f1e-e6df4af16ab8" -> null
      - url                   = "https://swathi1179devacc.dfs.core.windows.net/" -> null
      - use_managed_identity  = false -> null
    }

  # module.devmodule.azurerm_data_factory_pipeline.adfpipeline will be destroyed
  - resource "azurerm_data_factory_pipeline" "adfpipeline" {
      - annotations     = [] -> null
      - concurrency     = 0 -> null
      - data_factory_id = "/subscriptions/71ae4048-2e46-4255-8eca-c47663aa8f0c/resourceGroups/devops-rg/providers/Microsoft.DataFactory/factories/swathiadfdev1179" -> null
      - id              = "/subscriptions/71ae4048-2e46-4255-8eca-c47663aa8f0c/resourceGroups/devops-rg/providers/Microsoft.DataFactory/factories/swathiadfdev1179/pipelines/adfdevpipeline1" ->
 null
      - name            = "adfdevpipeline1" -> null
      - parameters      = {} -> null
      - variables       = {} -> null
    }

  # module.devmodule.azurerm_databricks_workspace.adb will be destroyed
  - resource "azurerm_databricks_workspace" "adb" {
      - customer_managed_key_enabled      = false -> null
      - id                                = "/subscriptions/71ae4048-2e46-4255-8eca-c47663aa8f0c/resourceGroups/devops-rg/providers/Microsoft.Databricks/workspaces/swathiadbdev1179" -> null
      - infrastructure_encryption_enabled = false -> null
      - location                          = "eastus" -> null
      - managed_resource_group_id         = "/subscriptions/71ae4048-2e46-4255-8eca-c47663aa8f0c/resourceGroups/databricks-rg-devops-rg" -> null
      - managed_resource_group_name       = "databricks-rg-devops-rg" -> null
      - name                              = "swathiadbdev1179" -> null
      - public_network_access_enabled     = true -> null
      - resource_group_name               = "devops-rg" -> null
      - sku                               = "standard" -> null
      - storage_account_identity          = [] -> null
      - tags                              = {
          - "created_by"  = "swathi.vijai@tigeranalytics.com"
          - "created_for" = "training"
        } -> null
      - workspace_id                      = "6392804221803614" -> null
      - workspace_url                     = "adb-6392804221803614.14.azuredatabricks.net" -> null

      - custom_parameters {
          - nat_gateway_name         = "nat-gateway" -> null
          - no_public_ip             = false -> null
          - public_ip_name           = "nat-gw-public-ip" -> null
          - storage_account_name     = "dbstoragesk3qh4ufohxm4" -> null
          - storage_account_sku_name = "Standard_GRS" -> null
          - vnet_address_prefix      = "10.139" -> null
        }
    }

  # module.devmodule.azurerm_kusto_cluster.azkc will be destroyed
  - resource "azurerm_kusto_cluster" "azkc" {
      - auto_stop_enabled             = true -> null
      - data_ingestion_uri            = "https://ingest-swathi1179kcdev.eastus.kusto.windows.net" -> null
      - disk_encryption_enabled       = false -> null
      - double_encryption_enabled     = false -> null
      - engine                        = "V2" -> null
      - id                            = "/subscriptions/71ae4048-2e46-4255-8eca-c47663aa8f0c/resourceGroups/devops-rg/providers/Microsoft.Kusto/Clusters/swathi1179kcdev" -> null
      - language_extensions           = [] -> null
      - location                      = "eastus" -> null
      - name                          = "swathi1179kcdev" -> null
      - public_network_access_enabled = true -> null
      - purge_enabled                 = false -> null
      - resource_group_name           = "devops-rg" -> null
      - streaming_ingestion_enabled   = false -> null
      - tags                          = {
          - "created_by"  = "swathi.vijai@tigeranalytics.com"
          - "created_for" = "training"
        } -> null
      - trusted_external_tenants      = [] -> null
      - uri                           = "https://swathi1179kcdev.eastus.kusto.windows.net" -> null
      - zones                         = [] -> null

      - sku {
          - capacity = 2 -> null
          - name     = "Standard_D13_v2" -> null
        }
    }

  # module.devmodule.azurerm_mssql_database.sql-db will be destroyed
  - resource "azurerm_mssql_database" "sql-db" {
      - auto_pause_delay_in_minutes         = 0 -> null
      - collation                           = "SQL_Latin1_General_CP1_CI_AS" -> null
      - create_mode                         = "Default" -> null
      - elastic_pool_id                     = "/subscriptions/71ae4048-2e46-4255-8eca-c47663aa8f0c/resourceGroups/devops-rg/providers/Microsoft.Sql/servers/swathisqlserver1179dev/elasticPools/
swathi1179dev" -> null
      - geo_backup_enabled                  = true -> null
      - id                                  = "/subscriptions/71ae4048-2e46-4255-8eca-c47663aa8f0c/resourceGroups/devops-rg/providers/Microsoft.Sql/servers/swathisqlserver1179dev/databases/swa
thi1179dev" -> null
      - max_size_gb                         = 5 -> null
      - min_capacity                        = 0 -> null
      - name                                = "swathi1179dev" -> null
      - read_replica_count                  = 0 -> null
      - read_scale                          = false -> null
      - server_id                           = "/subscriptions/71ae4048-2e46-4255-8eca-c47663aa8f0c/resourceGroups/devops-rg/providers/Microsoft.Sql/servers/swathisqlserver1179dev" -> null
      - sku_name                            = "ElasticPool" -> null
      - storage_account_type                = "Geo" -> null
      - tags                                = {
          - "created_by"  = "swathi.vijai@tigeranalytics.com"
          - "created_for" = "training"
        } -> null
      - transparent_data_encryption_enabled = true -> null
      - zone_redundant                      = false -> null

      - long_term_retention_policy {
          - monthly_retention = "PT0S" -> null
          - week_of_year      = 0 -> null
          - weekly_retention  = "PT0S" -> null
          - yearly_retention  = "PT0S" -> null
        }

      - short_term_retention_policy {
          - retention_days = 7 -> null
        }

      - threat_detection_policy {
          - disabled_alerts      = [] -> null
          - email_account_admins = "Disabled" -> null
          - email_addresses      = [] -> null
          - retention_days       = 0 -> null
          - state                = "Disabled" -> null
        }
    }

  # module.devmodule.azurerm_mssql_elasticpool.az-elastic-pool will be destroyed
  - resource "azurerm_mssql_elasticpool" "az-elastic-pool" {
      - id                  = "/subscriptions/71ae4048-2e46-4255-8eca-c47663aa8f0c/resourceGroups/devops-rg/providers/Microsoft.Sql/servers/swathisqlserver1179dev/elasticPools/swathi1179dev" -
> null
      - location            = "eastus" -> null
      - max_size_bytes      = 53687091200 -> null
      - max_size_gb         = 50 -> null
      - name                = "swathi1179dev" -> null
      - resource_group_name = "devops-rg" -> null
      - server_name         = "swathisqlserver1179dev" -> null
      - tags                = {
          - "created_by"  = "swathi.vijai@tigeranalytics.com"
          - "created_for" = "training"
        } -> null
      - zone_redundant      = false -> null

      - per_database_settings {
          - max_capacity = 10 -> null
          - min_capacity = 0 -> null
        }

      - sku {
          - capacity = 50 -> null
          - name     = "StandardPool" -> null
          - tier     = "Standard" -> null
        }
    }

  # module.devmodule.azurerm_mssql_server.sqlserver will be destroyed
  - resource "azurerm_mssql_server" "sqlserver" {
      - administrator_login                  = "swathi.vijai@tigeranalytics.com" -> null
      - administrator_login_password         = (sensitive value)
      - connection_policy                    = "Default" -> null
      - fully_qualified_domain_name          = "swathisqlserver1179dev.database.windows.net" -> null
      - id                                   = "/subscriptions/71ae4048-2e46-4255-8eca-c47663aa8f0c/resourceGroups/devops-rg/providers/Microsoft.Sql/servers/swathisqlserver1179dev" -> null
      - location                             = "eastus" -> null
      - minimum_tls_version                  = "1.2" -> null
      - name                                 = "swathisqlserver1179dev" -> null
      - outbound_network_restriction_enabled = false -> null
      - primary_user_assigned_identity_id    = "" -> null
      - public_network_access_enabled        = true -> null
      - resource_group_name                  = "devops-rg" -> null
      - restorable_dropped_database_ids      = [] -> null
      - tags                                 = {
          - "created_by"  = "swathi.vijai@tigeranalytics.com"
          - "created_for" = "training"
        } -> null
      - version                              = "12.0" -> null
    }

  # module.devmodule.azurerm_service_plan.azsp will be destroyed
  - resource "azurerm_service_plan" "azsp" {
      - id                           = "/subscriptions/71ae4048-2e46-4255-8eca-c47663aa8f0c/resourceGroups/devops-rg/providers/Microsoft.Web/serverfarms/swathi1179spdev" -> null
      - kind                         = "functionapp" -> null
      - location                     = "eastus" -> null
      - maximum_elastic_worker_count = 1 -> null
      - name                         = "swathi1179spdev" -> null
      - os_type                      = "Windows" -> null
      - per_site_scaling_enabled     = false -> null
      - reserved                     = false -> null
      - resource_group_name          = "devops-rg" -> null
      - sku_name                     = "Y1" -> null
      - tags                         = {} -> null
      - worker_count                 = 0 -> null
    }

  # module.devmodule.azurerm_storage_account.storage_account will be destroyed
  - resource "azurerm_storage_account" "storage_account" {
      - access_tier                       = "Hot" -> null
      - account_kind                      = "StorageV2" -> null
      - account_replication_type          = "LRS" -> null
      - account_tier                      = "Standard" -> null
      - allow_nested_items_to_be_public   = true -> null
      - enable_https_traffic_only         = true -> null
      - id                                = "/subscriptions/71ae4048-2e46-4255-8eca-c47663aa8f0c/resourceGroups/devops-rg/providers/Microsoft.Storage/storageAccounts/swathi1179devacc" -> null
      - infrastructure_encryption_enabled = false -> null
      - is_hns_enabled                    = false -> null
      - location                          = "eastus" -> null
      - min_tls_version                   = "TLS1_2" -> null
      - name                              = "swathi1179devacc" -> null
      - nfsv3_enabled                     = false -> null
      - primary_access_key                = (sensitive value)
      - primary_blob_connection_string    = (sensitive value)
      - primary_blob_endpoint             = "https://swathi1179devacc.blob.core.windows.net/" -> null
      - primary_blob_host                 = "swathi1179devacc.blob.core.windows.net" -> null
      - primary_connection_string         = (sensitive value)
      - primary_dfs_endpoint              = "https://swathi1179devacc.dfs.core.windows.net/" -> null
      - primary_dfs_host                  = "swathi1179devacc.dfs.core.windows.net" -> null
      - primary_file_endpoint             = "https://swathi1179devacc.file.core.windows.net/" -> null
      - primary_file_host                 = "swathi1179devacc.file.core.windows.net" -> null
      - primary_location                  = "eastus" -> null
      - primary_queue_endpoint            = "https://swathi1179devacc.queue.core.windows.net/" -> null
      - primary_queue_host                = "swathi1179devacc.queue.core.windows.net" -> null
      - primary_table_endpoint            = "https://swathi1179devacc.table.core.windows.net/" -> null
      - primary_table_host                = "swathi1179devacc.table.core.windows.net" -> null
      - primary_web_endpoint              = "https://swathi1179devacc.z13.web.core.windows.net/" -> null
      - primary_web_host                  = "swathi1179devacc.z13.web.core.windows.net" -> null
      - queue_encryption_key_type         = "Service" -> null
      - resource_group_name               = "devops-rg" -> null
      - secondary_access_key              = (sensitive value)
      - secondary_connection_string       = (sensitive value)
      - shared_access_key_enabled         = true -> null
      - table_encryption_key_type         = "Service" -> null
      - tags                              = {
          - "created_by"  = "swathi.vijai@tigeranalytics.com"
          - "created_for" = "training"
        } -> null

      - blob_properties {
          - change_feed_enabled      = false -> null
          - last_access_time_enabled = false -> null
          - versioning_enabled       = false -> null
        }

      - network_rules {
          - bypass                     = [
              - "AzureServices",
            ] -> null
          - default_action             = "Allow" -> null
          - ip_rules                   = [] -> null
          - virtual_network_subnet_ids = [] -> null
        }

      - queue_properties {

          - hour_metrics {
              - enabled               = true -> null
              - include_apis          = true -> null
              - retention_policy_days = 7 -> null
              - version               = "1.0" -> null
            }

          - logging {
              - delete                = false -> null
              - read                  = false -> null
              - retention_policy_days = 0 -> null
              - version               = "1.0" -> null
              - write                 = false -> null
            }

          - minute_metrics {
              - enabled               = false -> null
              - include_apis          = false -> null
              - retention_policy_days = 0 -> null
              - version               = "1.0" -> null
            }
        }

      - share_properties {

          - retention_policy {
              - days = 7 -> null
            }
        }
    }

  # module.devmodule.azurerm_storage_container.container[0] will be destroyed
  - resource "azurerm_storage_container" "container" {
      - container_access_type   = "private" -> null
      - has_immutability_policy = false -> null
      - has_legal_hold          = false -> null
      - id                      = "https://swathi1179devacc.blob.core.windows.net/swathi493" -> null
      - metadata                = {} -> null
      - name                    = "swathi493" -> null
      - resource_manager_id     = "/subscriptions/71ae4048-2e46-4255-8eca-c47663aa8f0c/resourceGroups/devops-rg/providers/Microsoft.Storage/storageAccounts/swathi1179devacc/blobServices/defaul
t/containers/swathi493" -> null
      - storage_account_name    = "swathi1179devacc" -> null
    }

  # module.devmodule.azurerm_storage_container.container[1] will be destroyed
  - resource "azurerm_storage_container" "container" {
      - container_access_type   = "private" -> null
      - has_immutability_policy = false -> null
      - has_legal_hold          = false -> null
      - id                      = "https://swathi1179devacc.blob.core.windows.net/swathi678" -> null
      - metadata                = {} -> null
      - name                    = "swathi678" -> null
      - resource_manager_id     = "/subscriptions/71ae4048-2e46-4255-8eca-c47663aa8f0c/resourceGroups/devops-rg/providers/Microsoft.Storage/storageAccounts/swathi1179devacc/blobServices/defaul
t/containers/swathi678" -> null
      - storage_account_name    = "swathi1179devacc" -> null
    }

  # module.devmodule.azurerm_subnet.subnet will be destroyed
  - resource "azurerm_subnet" "subnet" {
      - address_prefixes                               = [
          - "10.0.1.0/24",
        ] -> null
      - enforce_private_link_endpoint_network_policies = false -> null
      - enforce_private_link_service_network_policies  = false -> null
      - id                                             = "/subscriptions/71ae4048-2e46-4255-8eca-c47663aa8f0c/resourceGroups/devops-rg/providers/Microsoft.Network/virtualNetworks/swathivnet117
9dev/subnets/swathisnet1179dev" -> null
      - name                                           = "swathisnet1179dev" -> null
      - resource_group_name                            = "devops-rg" -> null
      - service_endpoint_policy_ids                    = [] -> null
      - service_endpoints                              = [
          - "Microsoft.Sql",
        ] -> null
      - virtual_network_name                           = "swathivnet1179dev" -> null
    }

  # module.devmodule.azurerm_virtual_network.vnet will be destroyed
  - resource "azurerm_virtual_network" "vnet" {
      - address_space           = [
          - "10.0.0.0/16",
        ] -> null
      - dns_servers             = [] -> null
      - flow_timeout_in_minutes = 0 -> null
      - guid                    = "0a2767c4-b880-4268-abf2-0c9e8bb2427d" -> null
      - id                      = "/subscriptions/71ae4048-2e46-4255-8eca-c47663aa8f0c/resourceGroups/devops-rg/providers/Microsoft.Network/virtualNetworks/swathivnet1179dev" -> null
      - location                = "eastus" -> null
      - name                    = "swathivnet1179dev" -> null
      - resource_group_name     = "devops-rg" -> null
      - subnet                  = [
          - {
              - address_prefix = "10.0.1.0/24"
              - id             = "/subscriptions/71ae4048-2e46-4255-8eca-c47663aa8f0c/resourceGroups/devops-rg/providers/Microsoft.Network/virtualNetworks/swathivnet1179dev/subnets/swathisnet1
179dev"
              - name           = "swathisnet1179dev"
              - security_group = ""
            },
        ] -> null
      - tags                    = {
          - "created_by"  = "swathi.vijai@tigeranalytics.com"
          - "created_for" = "training"
        } -> null
    }

  # module.devmodule.azurerm_windows_function_app.azfuncapp will be destroyed
  - resource "azurerm_windows_function_app" "azfuncapp" {
      - app_settings                      = {} -> null
      - builtin_logging_enabled           = true -> null
      - client_certificate_enabled        = false -> null
      - client_certificate_mode           = "Optional" -> null
      - content_share_force_disabled      = false -> null
      - custom_domain_verification_id     = (sensitive value)
      - daily_memory_time_quota           = 0 -> null
      - default_hostname                  = "" -> null
      - enabled                           = true -> null
      - functions_extension_version       = "~4" -> null
      - https_only                        = false -> null
      - id                                = "/subscriptions/71ae4048-2e46-4255-8eca-c47663aa8f0c/resourceGroups/devops-rg/providers/Microsoft.Web/sites/swathifuncappdev1179" -> null
      - key_vault_reference_identity_id   = "SystemAssigned" -> null
      - kind                              = "functionapp" -> null
      - location                          = "eastus" -> null
      - name                              = "swathifuncappdev1179" -> null
      - outbound_ip_address_list          = [] -> null
      - outbound_ip_addresses             = "" -> null
      - possible_outbound_ip_address_list = [] -> null
      - possible_outbound_ip_addresses    = "" -> null
      - resource_group_name               = "devops-rg" -> null
      - service_plan_id                   = "/subscriptions/71ae4048-2e46-4255-8eca-c47663aa8f0c/resourceGroups/devops-rg/providers/Microsoft.Web/serverfarms/swathi1179spdev" -> null
      - site_credential                   = [
          - {
              - name     = "$swathifuncappdev1179"
              - password = "Rc0HPscRTfPrHMfSDtuLZQFaiYk0CgrRbJzxkseXxumgHftsZdNhti7jSiiq"
            },
        ] -> null
      - storage_account_access_key        = (sensitive value)
      - storage_account_name              = "swathi1179devacc" -> null
      - storage_key_vault_secret_id       = "" -> null
      - storage_uses_managed_identity     = false -> null
      - tags                              = {} -> null

      - auth_settings {
          - additional_login_parameters    = {} -> null
          - allowed_external_redirect_urls = [] -> null
          - enabled                        = false -> null
          - token_refresh_extension_hours  = 0 -> null
          - token_store_enabled            = false -> null
        }

      - site_config {
          - always_on                         = false -> null
          - app_scale_limit                   = 200 -> null
          - default_documents                 = [
              - "Default.htm",
              - "Default.html",
              - "Default.asp",
              - "index.htm",
              - "index.html",
              - "iisstart.htm",
              - "default.aspx",
              - "index.php",
            ] -> null
          - detailed_error_logging_enabled    = false -> null
          - elastic_instance_minimum          = 0 -> null
          - ftps_state                        = "Disabled" -> null
          - health_check_eviction_time_in_min = 0 -> null
          - http2_enabled                     = false -> null
          - ip_restriction                    = [] -> null
          - load_balancing_mode               = "LeastRequests" -> null
          - managed_pipeline_mode             = "Integrated" -> null
          - minimum_tls_version               = "1.2" -> null
          - pre_warmed_instance_count         = 0 -> null
          - remote_debugging_enabled          = false -> null
          - runtime_scale_monitoring_enabled  = false -> null
          - scm_ip_restriction                = [] -> null
          - scm_minimum_tls_version           = "1.2" -> null
          - scm_type                          = "None" -> null
          - scm_use_main_ip_restriction       = false -> null
          - use_32_bit_worker                 = true -> null
          - vnet_route_all_enabled            = false -> null
          - websockets_enabled                = false -> null
          - worker_count                      = 1 -> null
        }
    }

  # module.devmodule.random_password.password will be destroyed
  - resource "random_password" "password" {
      - bcrypt_hash      = (sensitive value)
      - id               = "none" -> null
      - length           = 8 -> null
      - lower            = true -> null
      - min_lower        = 1 -> null
      - min_numeric      = 1 -> null
      - min_special      = 1 -> null
      - min_upper        = 1 -> null
      - number           = true -> null
      - numeric          = true -> null
      - override_special = "_" -> null
      - result           = (sensitive value)
      - special          = true -> null
      - upper            = true -> null
    }

Plan: 0 to add, 0 to change, 17 to destroy.

Do you really want to destroy all resources?
  Terraform will destroy all your managed infrastructure, as shown above.
  There is no undo. Only 'yes' will be accepted to confirm.

  Enter a value: yes

module.devmodule.azurerm_storage_container.container[1]: Destroying... [id=https://swathi1179devacc.blob.core.windows.net/swathi678]
module.devmodule.azurerm_analysis_services_server.server: Destroying... [id=/subscriptions/71ae4048-2e46-4255-8eca-c47663aa8f0c/resourceGroups/devops-rg/providers/Microsoft.AnalysisServices/se
rvers/swathi1179asdev]
module.devmodule.azurerm_databricks_workspace.adb: Destroying... [id=/subscriptions/71ae4048-2e46-4255-8eca-c47663aa8f0c/resourceGroups/devops-rg/providers/Microsoft.Databricks/workspaces/swat
hiadbdev1179]
module.devmodule.azurerm_storage_container.container[0]: Destroying... [id=https://swathi1179devacc.blob.core.windows.net/swathi493]
module.devmodule.azurerm_kusto_cluster.azkc: Destroying... [id=/subscriptions/71ae4048-2e46-4255-8eca-c47663aa8f0c/resourceGroups/devops-rg/providers/Microsoft.Kusto/Clusters/swathi1179kcdev]
module.devmodule.azurerm_data_factory_linked_service_data_lake_storage_gen2.linked_service[0]: Destroying... [id=/subscriptions/71ae4048-2e46-4255-8eca-c47663aa8f0c/resourceGroups/devops-rg/pr
oviders/Microsoft.DataFactory/factories/swathiadfdev1179/linkedservices/adflinkedservice1]
module.devmodule.azurerm_data_factory_pipeline.adfpipeline: Destroying... [id=/subscriptions/71ae4048-2e46-4255-8eca-c47663aa8f0c/resourceGroups/devops-rg/providers/Microsoft.DataFactory/facto
ries/swathiadfdev1179/pipelines/adfdevpipeline1]
module.devmodule.azurerm_mssql_database.sql-db: Destroying... [id=/subscriptions/71ae4048-2e46-4255-8eca-c47663aa8f0c/resourceGroups/devops-rg/providers/Microsoft.Sql/servers/swathisqlserver11
79dev/databases/swathi1179dev]
module.devmodule.azurerm_subnet.subnet: Destroying... [id=/subscriptions/71ae4048-2e46-4255-8eca-c47663aa8f0c/resourceGroups/devops-rg/providers/Microsoft.Network/virtualNetworks/swathivnet117
9dev/subnets/swathisnet1179dev]
module.devmodule.azurerm_windows_function_app.azfuncapp: Destroying... [id=/subscriptions/71ae4048-2e46-4255-8eca-c47663aa8f0c/resourceGroups/devops-rg/providers/Microsoft.Web/sites/swathifunc
appdev1179]
module.devmodule.azurerm_data_factory_linked_service_data_lake_storage_gen2.linked_service[0]: Destruction complete after 3s
module.devmodule.azurerm_storage_container.container[1]: Destruction complete after 5s
module.devmodule.azurerm_storage_container.container[0]: Destruction complete after 6s
module.devmodule.azurerm_data_factory_pipeline.adfpipeline: Destruction complete after 6s
module.devmodule.azurerm_data_factory.adf: Destroying... [id=/subscriptions/71ae4048-2e46-4255-8eca-c47663aa8f0c/resourceGroups/devops-rg/providers/Microsoft.DataFactory/factories/swathiadfdev
1179]
module.devmodule.azurerm_analysis_services_server.server: Still destroying... [id=/subscriptions/71ae4048-2e46-4255-8eca-...alysisServices/servers/swathi1179asdev, 10s elapsed]
module.devmodule.azurerm_kusto_cluster.azkc: Still destroying... [id=/subscriptions/71ae4048-2e46-4255-8eca-...crosoft.Kusto/Clusters/swathi1179kcdev, 10s elapsed]
module.devmodule.azurerm_databricks_workspace.adb: Still destroying... [id=/subscriptions/71ae4048-2e46-4255-8eca-...Databricks/workspaces/swathiadbdev1179, 10s elapsed]
module.devmodule.azurerm_mssql_database.sql-db: Still destroying... [id=/subscriptions/71ae4048-2e46-4255-8eca-...lserver1179dev/databases/swathi1179dev, 10s elapsed]
module.devmodule.azurerm_subnet.subnet: Still destroying... [id=/subscriptions/71ae4048-2e46-4255-8eca-...ivnet1179dev/subnets/swathisnet1179dev, 10s elapsed]
module.devmodule.azurerm_windows_function_app.azfuncapp: Still destroying... [id=/subscriptions/71ae4048-2e46-4255-8eca-...crosoft.Web/sites/swathifuncappdev1179, 10s elapsed]
module.devmodule.azurerm_subnet.subnet: Destruction complete after 12s
module.devmodule.azurerm_virtual_network.vnet: Destroying... [id=/subscriptions/71ae4048-2e46-4255-8eca-c47663aa8f0c/resourceGroups/devops-rg/providers/Microsoft.Network/virtualNetworks/swathi
vnet1179dev]
module.devmodule.azurerm_windows_function_app.azfuncapp: Destruction complete after 14s
module.devmodule.azurerm_service_plan.azsp: Destroying... [id=/subscriptions/71ae4048-2e46-4255-8eca-c47663aa8f0c/resourceGroups/devops-rg/providers/Microsoft.Web/serverfarms/swathi1179spdev]
module.devmodule.azurerm_storage_account.storage_account: Destroying... [id=/subscriptions/71ae4048-2e46-4255-8eca-c47663aa8f0c/resourceGroups/devops-rg/providers/Microsoft.Storage/storageAcco
unts/swathi1179devacc]
module.devmodule.azurerm_data_factory.adf: Destruction complete after 8s
module.devmodule.azurerm_mssql_database.sql-db: Destruction complete after 20s
module.devmodule.azurerm_mssql_elasticpool.az-elastic-pool: Destroying... [id=/subscriptions/71ae4048-2e46-4255-8eca-c47663aa8f0c/resourceGroups/devops-rg/providers/Microsoft.Sql/servers/swath
isqlserver1179dev/elasticPools/swathi1179dev]
module.devmodule.azurerm_databricks_workspace.adb: Still destroying... [id=/subscriptions/71ae4048-2e46-4255-8eca-...Databricks/workspaces/swathiadbdev1179, 20s elapsed]
module.devmodule.azurerm_kusto_cluster.azkc: Still destroying... [id=/subscriptions/71ae4048-2e46-4255-8eca-...crosoft.Kusto/Clusters/swathi1179kcdev, 20s elapsed]
module.devmodule.azurerm_analysis_services_server.server: Still destroying... [id=/subscriptions/71ae4048-2e46-4255-8eca-...alysisServices/servers/swathi1179asdev, 20s elapsed]
module.devmodule.azurerm_service_plan.azsp: Destruction complete after 7s
module.devmodule.azurerm_virtual_network.vnet: Still destroying... [id=/subscriptions/71ae4048-2e46-4255-8eca-...work/virtualNetworks/swathivnet1179dev, 10s elapsed]
module.devmodule.azurerm_storage_account.storage_account: Still destroying... [id=/subscriptions/71ae4048-2e46-4255-8eca-...orage/storageAccounts/swathi1179devacc, 10s elapsed]
module.devmodule.azurerm_storage_account.storage_account: Destruction complete after 10s
module.devmodule.azurerm_virtual_network.vnet: Destruction complete after 14s
module.devmodule.azurerm_mssql_elasticpool.az-elastic-pool: Destruction complete after 6s
module.devmodule.azurerm_mssql_server.sqlserver: Destroying... [id=/subscriptions/71ae4048-2e46-4255-8eca-c47663aa8f0c/resourceGroups/devops-rg/providers/Microsoft.Sql/servers/swathisqlserver1
179dev]
module.devmodule.azurerm_analysis_services_server.server: Still destroying... [id=/subscriptions/71ae4048-2e46-4255-8eca-...alysisServices/servers/swathi1179asdev, 30s elapsed]
module.devmodule.azurerm_databricks_workspace.adb: Still destroying... [id=/subscriptions/71ae4048-2e46-4255-8eca-...Databricks/workspaces/swathiadbdev1179, 30s elapsed]
module.devmodule.azurerm_kusto_cluster.azkc: Still destroying... [id=/subscriptions/71ae4048-2e46-4255-8eca-...crosoft.Kusto/Clusters/swathi1179kcdev, 30s elapsed]
module.devmodule.azurerm_mssql_server.sqlserver: Still destroying... [id=/subscriptions/71ae4048-2e46-4255-8eca-...oft.Sql/servers/swathisqlserver1179dev, 10s elapsed]
module.devmodule.azurerm_analysis_services_server.server: Destruction complete after 37s
module.devmodule.azurerm_databricks_workspace.adb: Still destroying... [id=/subscriptions/71ae4048-2e46-4255-8eca-...Databricks/workspaces/swathiadbdev1179, 40s elapsed]
module.devmodule.azurerm_kusto_cluster.azkc: Still destroying... [id=/subscriptions/71ae4048-2e46-4255-8eca-...crosoft.Kusto/Clusters/swathi1179kcdev, 40s elapsed]
module.devmodule.azurerm_mssql_server.sqlserver: Destruction complete after 18s
module.devmodule.random_password.password: Destroying... [id=none]
module.devmodule.random_password.password: Destruction complete after 0s
module.devmodule.azurerm_databricks_workspace.adb: Still destroying... [id=/subscriptions/71ae4048-2e46-4255-8eca-...Databricks/workspaces/swathiadbdev1179, 50s elapsed]
module.devmodule.azurerm_kusto_cluster.azkc: Still destroying... [id=/subscriptions/71ae4048-2e46-4255-8eca-...crosoft.Kusto/Clusters/swathi1179kcdev, 50s elapsed]
module.devmodule.azurerm_databricks_workspace.adb: Still destroying... [id=/subscriptions/71ae4048-2e46-4255-8eca-...Databricks/workspaces/swathiadbdev1179, 1m0s elapsed]
module.devmodule.azurerm_kusto_cluster.azkc: Still destroying... [id=/subscriptions/71ae4048-2e46-4255-8eca-...crosoft.Kusto/Clusters/swathi1179kcdev, 1m0s elapsed]
module.devmodule.azurerm_databricks_workspace.adb: Still destroying... [id=/subscriptions/71ae4048-2e46-4255-8eca-...Databricks/workspaces/swathiadbdev1179, 1m10s elapsed]
module.devmodule.azurerm_kusto_cluster.azkc: Still destroying... [id=/subscriptions/71ae4048-2e46-4255-8eca-...crosoft.Kusto/Clusters/swathi1179kcdev, 1m10s elapsed]
module.devmodule.azurerm_databricks_workspace.adb: Still destroying... [id=/subscriptions/71ae4048-2e46-4255-8eca-...Databricks/workspaces/swathiadbdev1179, 1m20s elapsed]
module.devmodule.azurerm_kusto_cluster.azkc: Still destroying... [id=/subscriptions/71ae4048-2e46-4255-8eca-...crosoft.Kusto/Clusters/swathi1179kcdev, 1m20s elapsed]
module.devmodule.azurerm_databricks_workspace.adb: Still destroying... [id=/subscriptions/71ae4048-2e46-4255-8eca-...Databricks/workspaces/swathiadbdev1179, 1m30s elapsed]
module.devmodule.azurerm_kusto_cluster.azkc: Still destroying... [id=/subscriptions/71ae4048-2e46-4255-8eca-...crosoft.Kusto/Clusters/swathi1179kcdev, 1m30s elapsed]
module.devmodule.azurerm_databricks_workspace.adb: Still destroying... [id=/subscriptions/71ae4048-2e46-4255-8eca-...Databricks/workspaces/swathiadbdev1179, 1m40s elapsed]
module.devmodule.azurerm_kusto_cluster.azkc: Still destroying... [id=/subscriptions/71ae4048-2e46-4255-8eca-...crosoft.Kusto/Clusters/swathi1179kcdev, 1m40s elapsed]
module.devmodule.azurerm_databricks_workspace.adb: Still destroying... [id=/subscriptions/71ae4048-2e46-4255-8eca-...Databricks/workspaces/swathiadbdev1179, 1m50s elapsed]
module.devmodule.azurerm_kusto_cluster.azkc: Still destroying... [id=/subscriptions/71ae4048-2e46-4255-8eca-...crosoft.Kusto/Clusters/swathi1179kcdev, 1m50s elapsed]
module.devmodule.azurerm_databricks_workspace.adb: Destruction complete after 1m55s
module.devmodule.azurerm_kusto_cluster.azkc: Still destroying... [id=/subscriptions/71ae4048-2e46-4255-8eca-...crosoft.Kusto/Clusters/swathi1179kcdev, 2m0s elapsed]
module.devmodule.azurerm_kusto_cluster.azkc: Still destroying... [id=/subscriptions/71ae4048-2e46-4255-8eca-...crosoft.Kusto/Clusters/swathi1179kcdev, 2m10s elapsed]
module.devmodule.azurerm_kusto_cluster.azkc: Still destroying... [id=/subscriptions/71ae4048-2e46-4255-8eca-...crosoft.Kusto/Clusters/swathi1179kcdev, 2m20s elapsed]
module.devmodule.azurerm_kusto_cluster.azkc: Still destroying... [id=/subscriptions/71ae4048-2e46-4255-8eca-...crosoft.Kusto/Clusters/swathi1179kcdev, 2m30s elapsed]
module.devmodule.azurerm_kusto_cluster.azkc: Still destroying... [id=/subscriptions/71ae4048-2e46-4255-8eca-...crosoft.Kusto/Clusters/swathi1179kcdev, 2m40s elapsed]
module.devmodule.azurerm_kusto_cluster.azkc: Still destroying... [id=/subscriptions/71ae4048-2e46-4255-8eca-...crosoft.Kusto/Clusters/swathi1179kcdev, 2m50s elapsed]
module.devmodule.azurerm_kusto_cluster.azkc: Still destroying... [id=/subscriptions/71ae4048-2e46-4255-8eca-...crosoft.Kusto/Clusters/swathi1179kcdev, 3m0s elapsed]
module.devmodule.azurerm_kusto_cluster.azkc: Still destroying... [id=/subscriptions/71ae4048-2e46-4255-8eca-...crosoft.Kusto/Clusters/swathi1179kcdev, 3m10s elapsed]
module.devmodule.azurerm_kusto_cluster.azkc: Still destroying... [id=/subscriptions/71ae4048-2e46-4255-8eca-...crosoft.Kusto/Clusters/swathi1179kcdev, 3m20s elapsed]
module.devmodule.azurerm_kusto_cluster.azkc: Still destroying... [id=/subscriptions/71ae4048-2e46-4255-8eca-...crosoft.Kusto/Clusters/swathi1179kcdev, 3m30s elapsed]
module.devmodule.azurerm_kusto_cluster.azkc: Still destroying... [id=/subscriptions/71ae4048-2e46-4255-8eca-...crosoft.Kusto/Clusters/swathi1179kcdev, 3m45s elapsed]
module.devmodule.azurerm_kusto_cluster.azkc: Still destroying... [id=/subscriptions/71ae4048-2e46-4255-8eca-...crosoft.Kusto/Clusters/swathi1179kcdev, 3m55s elapsed]
module.devmodule.azurerm_kusto_cluster.azkc: Still destroying... [id=/subscriptions/71ae4048-2e46-4255-8eca-...crosoft.Kusto/Clusters/swathi1179kcdev, 4m5s elapsed]
module.devmodule.azurerm_kusto_cluster.azkc: Still destroying... [id=/subscriptions/71ae4048-2e46-4255-8eca-...crosoft.Kusto/Clusters/swathi1179kcdev, 4m15s elapsed]
module.devmodule.azurerm_kusto_cluster.azkc: Still destroying... [id=/subscriptions/71ae4048-2e46-4255-8eca-...crosoft.Kusto/Clusters/swathi1179kcdev, 4m25s elapsed]
module.devmodule.azurerm_kusto_cluster.azkc: Still destroying... [id=/subscriptions/71ae4048-2e46-4255-8eca-...crosoft.Kusto/Clusters/swathi1179kcdev, 4m35s elapsed]
module.devmodule.azurerm_kusto_cluster.azkc: Still destroying... [id=/subscriptions/71ae4048-2e46-4255-8eca-...crosoft.Kusto/Clusters/swathi1179kcdev, 4m45s elapsed]
module.devmodule.azurerm_kusto_cluster.azkc: Still destroying... [id=/subscriptions/71ae4048-2e46-4255-8eca-...crosoft.Kusto/Clusters/swathi1179kcdev, 4m55s elapsed]
module.devmodule.azurerm_kusto_cluster.azkc: Still destroying... [id=/subscriptions/71ae4048-2e46-4255-8eca-...crosoft.Kusto/Clusters/swathi1179kcdev, 5m5s elapsed]
module.devmodule.azurerm_kusto_cluster.azkc: Still destroying... [id=/subscriptions/71ae4048-2e46-4255-8eca-...crosoft.Kusto/Clusters/swathi1179kcdev, 5m15s elapsed]
module.devmodule.azurerm_kusto_cluster.azkc: Still destroying... [id=/subscriptions/71ae4048-2e46-4255-8eca-...crosoft.Kusto/Clusters/swathi1179kcdev, 5m25s elapsed]
module.devmodule.azurerm_kusto_cluster.azkc: Still destroying... [id=/subscriptions/71ae4048-2e46-4255-8eca-...crosoft.Kusto/Clusters/swathi1179kcdev, 5m35s elapsed]
module.devmodule.azurerm_kusto_cluster.azkc: Still destroying... [id=/subscriptions/71ae4048-2e46-4255-8eca-...crosoft.Kusto/Clusters/swathi1179kcdev, 5m45s elapsed]
module.devmodule.azurerm_kusto_cluster.azkc: Still destroying... [id=/subscriptions/71ae4048-2e46-4255-8eca-...crosoft.Kusto/Clusters/swathi1179kcdev, 5m55s elapsed]
module.devmodule.azurerm_kusto_cluster.azkc: Still destroying... [id=/subscriptions/71ae4048-2e46-4255-8eca-...crosoft.Kusto/Clusters/swathi1179kcdev, 6m5s elapsed]
module.devmodule.azurerm_kusto_cluster.azkc: Still destroying... [id=/subscriptions/71ae4048-2e46-4255-8eca-...crosoft.Kusto/Clusters/swathi1179kcdev, 6m15s elapsed]
module.devmodule.azurerm_kusto_cluster.azkc: Still destroying... [id=/subscriptions/71ae4048-2e46-4255-8eca-...crosoft.Kusto/Clusters/swathi1179kcdev, 6m25s elapsed]
module.devmodule.azurerm_kusto_cluster.azkc: Still destroying... [id=/subscriptions/71ae4048-2e46-4255-8eca-...crosoft.Kusto/Clusters/swathi1179kcdev, 6m35s elapsed]
module.devmodule.azurerm_kusto_cluster.azkc: Still destroying... [id=/subscriptions/71ae4048-2e46-4255-8eca-...crosoft.Kusto/Clusters/swathi1179kcdev, 6m45s elapsed]
module.devmodule.azurerm_kusto_cluster.azkc: Still destroying... [id=/subscriptions/71ae4048-2e46-4255-8eca-...crosoft.Kusto/Clusters/swathi1179kcdev, 6m55s elapsed]
module.devmodule.azurerm_kusto_cluster.azkc: Still destroying... [id=/subscriptions/71ae4048-2e46-4255-8eca-...crosoft.Kusto/Clusters/swathi1179kcdev, 7m5s elapsed]
module.devmodule.azurerm_kusto_cluster.azkc: Still destroying... [id=/subscriptions/71ae4048-2e46-4255-8eca-...crosoft.Kusto/Clusters/swathi1179kcdev, 7m15s elapsed]
module.devmodule.azurerm_kusto_cluster.azkc: Still destroying... [id=/subscriptions/71ae4048-2e46-4255-8eca-...crosoft.Kusto/Clusters/swathi1179kcdev, 7m25s elapsed]
module.devmodule.azurerm_kusto_cluster.azkc: Still destroying... [id=/subscriptions/71ae4048-2e46-4255-8eca-...crosoft.Kusto/Clusters/swathi1179kcdev, 7m35s elapsed]
module.devmodule.azurerm_kusto_cluster.azkc: Still destroying... [id=/subscriptions/71ae4048-2e46-4255-8eca-...crosoft.Kusto/Clusters/swathi1179kcdev, 7m45s elapsed]
module.devmodule.azurerm_kusto_cluster.azkc: Still destroying... [id=/subscriptions/71ae4048-2e46-4255-8eca-...crosoft.Kusto/Clusters/swathi1179kcdev, 7m55s elapsed]
module.devmodule.azurerm_kusto_cluster.azkc: Still destroying... [id=/subscriptions/71ae4048-2e46-4255-8eca-...crosoft.Kusto/Clusters/swathi1179kcdev, 8m5s elapsed]
module.devmodule.azurerm_kusto_cluster.azkc: Still destroying... [id=/subscriptions/71ae4048-2e46-4255-8eca-...crosoft.Kusto/Clusters/swathi1179kcdev, 8m15s elapsed]
module.devmodule.azurerm_kusto_cluster.azkc: Still destroying... [id=/subscriptions/71ae4048-2e46-4255-8eca-...crosoft.Kusto/Clusters/swathi1179kcdev, 8m25s elapsed]
module.devmodule.azurerm_kusto_cluster.azkc: Still destroying... [id=/subscriptions/71ae4048-2e46-4255-8eca-...crosoft.Kusto/Clusters/swathi1179kcdev, 8m35s elapsed]
module.devmodule.azurerm_kusto_cluster.azkc: Still destroying... [id=/subscriptions/71ae4048-2e46-4255-8eca-...crosoft.Kusto/Clusters/swathi1179kcdev, 8m45s elapsed]
module.devmodule.azurerm_kusto_cluster.azkc: Still destroying... [id=/subscriptions/71ae4048-2e46-4255-8eca-...crosoft.Kusto/Clusters/swathi1179kcdev, 8m55s elapsed]
module.devmodule.azurerm_kusto_cluster.azkc: Still destroying... [id=/subscriptions/71ae4048-2e46-4255-8eca-...crosoft.Kusto/Clusters/swathi1179kcdev, 9m5s elapsed]
module.devmodule.azurerm_kusto_cluster.azkc: Still destroying... [id=/subscriptions/71ae4048-2e46-4255-8eca-...crosoft.Kusto/Clusters/swathi1179kcdev, 9m15s elapsed]
module.devmodule.azurerm_kusto_cluster.azkc: Still destroying... [id=/subscriptions/71ae4048-2e46-4255-8eca-...crosoft.Kusto/Clusters/swathi1179kcdev, 9m25s elapsed]
module.devmodule.azurerm_kusto_cluster.azkc: Still destroying... [id=/subscriptions/71ae4048-2e46-4255-8eca-...crosoft.Kusto/Clusters/swathi1179kcdev, 9m35s elapsed]
module.devmodule.azurerm_kusto_cluster.azkc: Still destroying... [id=/subscriptions/71ae4048-2e46-4255-8eca-...crosoft.Kusto/Clusters/swathi1179kcdev, 9m45s elapsed]
module.devmodule.azurerm_kusto_cluster.azkc: Still destroying... [id=/subscriptions/71ae4048-2e46-4255-8eca-...crosoft.Kusto/Clusters/swathi1179kcdev, 9m55s elapsed]
module.devmodule.azurerm_kusto_cluster.azkc: Destruction complete after 9m57s

Destroy complete! Resources: 17 destroyed.
PS D:\tf-asgmt2\env\dev> cd ..
PS D:\tf-asgmt2\env> ls


    Directory: D:\tf-asgmt2\env


Mode                 LastWriteTime         Length Name
----                 -------------         ------ ----
d-----        13-12-2022     02:06                dev
d-----        13-12-2022     01:25                test


PS D:\tf-asgmt2\env> cd test
PS D:\tf-asgmt2\env\test> terraform init
Initializing modules...
- testmodule in ..\..\modules

Initializing the backend...

Initializing provider plugins...
- Finding latest version of hashicorp/random...
- Finding latest version of hashicorp/azuread...
- Finding hashicorp/azurerm versions matching "3.0.0"...
- Installing hashicorp/random v3.4.3...
- Installed hashicorp/random v3.4.3 (signed by HashiCorp)
- Installing hashicorp/azuread v2.31.0...
- Installed hashicorp/azuread v2.31.0 (signed by HashiCorp)
- Installing hashicorp/azurerm v3.0.0...
- Installed hashicorp/azurerm v3.0.0 (signed by HashiCorp)

Terraform has created a lock file .terraform.lock.hcl to record the provider
selections it made above. Include this file in your version control repository
so that Terraform can guarantee to make the same selections by default when
you run "terraform init" in the future.

Terraform has been successfully initialized!

You may now begin working with Terraform. Try running "terraform plan" to see
any changes that are required for your infrastructure. All Terraform commands
should now work.

If you ever set or change modules or backend configuration for Terraform,
rerun this command to reinitialize your working directory. If you forget, other
commands will detect it and remind you to do so if necessary.
PS D:\tf-asgmt2\env\test> terraform plan

Terraform used the selected providers to generate the following execution plan. Resource actions are indicated with the following symbols:
  + create

Terraform will perform the following actions:

  # module.testmodule.azurerm_analysis_services_server.server will be created
  + resource "azurerm_analysis_services_server" "server" {
      + admin_users               = [
          + "swathi.vijai@tigeranalytics.com",
        ]
      + enable_power_bi_service   = true
      + id                        = (known after apply)
      + location                  = "eastus"
      + name                      = "swathi1179astest"
      + querypool_connection_mode = (known after apply)
      + resource_group_name       = "devops-rg"
      + server_full_name          = (known after apply)
      + sku                       = "S0"
      + tags                      = {
          + "created_by"  = "swathi.vijai@tigeranalytics.com"
          + "created_for" = "training"
        }
    }

  # module.testmodule.azurerm_data_factory.adf will be created
  + resource "azurerm_data_factory" "adf" {
      + id                     = (known after apply)
      + location               = "eastus"
      + name                   = "swathiadftest1179"
      + public_network_enabled = true
      + resource_group_name    = "devops-rg"
      + tags                   = {
          + "created_by"  = "swathi.vijai@tigeranalytics.com"
          + "created_for" = "training"
        }
    }

  # module.testmodule.azurerm_data_factory_linked_service_data_lake_storage_gen2.linked_service[0] will be created
  + resource "azurerm_data_factory_linked_service_data_lake_storage_gen2" "linked_service" {
      + data_factory_id       = (known after apply)
      + id                    = (known after apply)
      + name                  = "adflinkedservice1"
      + service_principal_id  = "79dd085d-67d3-44b5-994b-6a86f4104ef3"
      + service_principal_key = "FeL8Q~n1GiCtdeg5Rtl0141IFNcaIGW_QlpgTau0"
      + tenant                = "e714ef31-faab-41d2-9f1e-e6df4af16ab8"
      + url                   = (known after apply)
      + use_managed_identity  = false
    }

  # module.testmodule.azurerm_data_factory_pipeline.adfpipeline will be created
  + resource "azurerm_data_factory_pipeline" "adfpipeline" {
      + data_factory_id = (known after apply)
      + id              = (known after apply)
      + name            = "adfdevpipeline1"
    }

  # module.testmodule.azurerm_databricks_workspace.adb will be created
  + resource "azurerm_databricks_workspace" "adb" {
      + customer_managed_key_enabled          = false
      + id                                    = (known after apply)
      + infrastructure_encryption_enabled     = false
      + location                              = "eastus"
      + managed_resource_group_id             = (known after apply)
      + managed_resource_group_name           = (known after apply)
      + name                                  = "swathiadbtest1179"
      + network_security_group_rules_required = (known after apply)
      + public_network_access_enabled         = true
      + resource_group_name                   = "devops-rg"
      + sku                                   = "standard"
      + storage_account_identity              = (known after apply)
      + tags                                  = {
          + "created_by"  = "swathi.vijai@tigeranalytics.com"
          + "created_for" = "training"
        }
      + workspace_id                          = (known after apply)
      + workspace_url                         = (known after apply)

      + custom_parameters {
          + machine_learning_workspace_id                        = (known after apply)
          + nat_gateway_name                                     = (known after apply)
          + no_public_ip                                         = (known after apply)
          + private_subnet_name                                  = (known after apply)
          + private_subnet_network_security_group_association_id = (known after apply)
          + public_ip_name                                       = (known after apply)
          + public_subnet_name                                   = (known after apply)
          + public_subnet_network_security_group_association_id  = (known after apply)
          + storage_account_name                                 = (known after apply)
          + storage_account_sku_name                             = (known after apply)
          + virtual_network_id                                   = (known after apply)
          + vnet_address_prefix                                  = (known after apply)
        }
    }

  # module.testmodule.azurerm_kusto_cluster.azkc will be created
  + resource "azurerm_kusto_cluster" "azkc" {
      + auto_stop_enabled             = true
      + data_ingestion_uri            = (known after apply)
      + disk_encryption_enabled       = false
      + engine                        = "V2"
      + id                            = (known after apply)
      + location                      = "eastus"
      + name                          = "swathi1179kctest"
      + public_network_access_enabled = true
      + purge_enabled                 = false
      + resource_group_name           = "devops-rg"
      + streaming_ingestion_enabled   = false
      + tags                          = {
          + "created_by"  = "swathi.vijai@tigeranalytics.com"
          + "created_for" = "training"
        }
      + trusted_external_tenants      = (known after apply)
      + uri                           = (known after apply)

      + sku {
          + capacity = 2
          + name     = "Standard_D13_v2"
        }
    }

  # module.testmodule.azurerm_mssql_database.sql-db will be created
  + resource "azurerm_mssql_database" "sql-db" {
      + auto_pause_delay_in_minutes         = (known after apply)
      + collation                           = (known after apply)
      + create_mode                         = "Default"
      + creation_source_database_id         = (known after apply)
      + elastic_pool_id                     = (known after apply)
      + geo_backup_enabled                  = true
      + id                                  = (known after apply)
      + license_type                        = (known after apply)
      + max_size_gb                         = 5
      + min_capacity                        = (known after apply)
      + name                                = "swathi1179test"
      + read_replica_count                  = (known after apply)
      + read_scale                          = (known after apply)
      + restore_point_in_time               = (known after apply)
      + sample_name                         = (known after apply)
      + server_id                           = (known after apply)
      + sku_name                            = "ElasticPool"
      + storage_account_type                = "Geo"
      + tags                                = {
          + "created_by"  = "swathi.vijai@tigeranalytics.com"
          + "created_for" = "training"
        }
      + transparent_data_encryption_enabled = true
      + zone_redundant                      = (known after apply)

      + long_term_retention_policy {
          + monthly_retention = (known after apply)
          + week_of_year      = (known after apply)
          + weekly_retention  = (known after apply)
          + yearly_retention  = (known after apply)
        }

      + short_term_retention_policy {
          + retention_days = (known after apply)
        }

      + threat_detection_policy {
          + disabled_alerts            = (known after apply)
          + email_account_admins       = (known after apply)
          + email_addresses            = (known after apply)
          + retention_days             = (known after apply)
          + state                      = (known after apply)
          + storage_account_access_key = (sensitive value)
          + storage_endpoint           = (known after apply)
        }
    }

  # module.testmodule.azurerm_mssql_elasticpool.az-elastic-pool will be created
  + resource "azurerm_mssql_elasticpool" "az-elastic-pool" {
      + id                  = (known after apply)
      + license_type        = "LicenseIncluded"
      + location            = "eastus"
      + max_size_bytes      = (known after apply)
      + max_size_gb         = 50
      + name                = "swathi1179test"
      + resource_group_name = "devops-rg"
      + server_name         = "swathisqlserver1179test"
      + tags                = {
          + "created_by"  = "swathi.vijai@tigeranalytics.com"
          + "created_for" = "training"
        }

      + per_database_settings {
          + max_capacity = 10
          + min_capacity = 0
        }

      + sku {
          + capacity = 50
          + name     = "StandardPool"
          + tier     = "Standard"
        }
    }

  # module.testmodule.azurerm_mssql_server.sqlserver will be created
  + resource "azurerm_mssql_server" "sqlserver" {
      + administrator_login                  = "swathi.vijai@tigeranalytics.com"
      + administrator_login_password         = (sensitive value)
      + connection_policy                    = "Default"
      + fully_qualified_domain_name          = (known after apply)
      + id                                   = (known after apply)
      + location                             = "eastus"
      + minimum_tls_version                  = "1.2"
      + name                                 = "swathisqlserver1179test"
      + outbound_network_restriction_enabled = false
      + primary_user_assigned_identity_id    = (known after apply)
      + public_network_access_enabled        = true
      + resource_group_name                  = "devops-rg"
      + restorable_dropped_database_ids      = (known after apply)
      + tags                                 = {
          + "created_by"  = "swathi.vijai@tigeranalytics.com"
          + "created_for" = "training"
        }
      + version                              = "12.0"
    }

  # module.testmodule.azurerm_service_plan.azsp will be created
  + resource "azurerm_service_plan" "azsp" {
      + id                           = (known after apply)
      + kind                         = (known after apply)
      + location                     = "eastus"
      + maximum_elastic_worker_count = (known after apply)
      + name                         = "swathi1179sptest"
      + os_type                      = "Windows"
      + per_site_scaling_enabled     = false
      + reserved                     = (known after apply)
      + resource_group_name          = "devops-rg"
      + sku_name                     = "Y1"
      + worker_count                 = (known after apply)
    }

  # module.testmodule.azurerm_storage_account.storage_account will be created
  + resource "azurerm_storage_account" "storage_account" {
      + access_tier                       = (known after apply)
      + account_kind                      = "StorageV2"
      + account_replication_type          = "LRS"
      + account_tier                      = "Standard"
      + allow_nested_items_to_be_public   = true
      + enable_https_traffic_only         = true
      + id                                = (known after apply)
      + infrastructure_encryption_enabled = false
      + is_hns_enabled                    = false
      + large_file_share_enabled          = (known after apply)
      + location                          = "eastus"
      + min_tls_version                   = "TLS1_2"
      + name                              = "swathi1179testacc"
      + nfsv3_enabled                     = false
      + primary_access_key                = (sensitive value)
      + primary_blob_connection_string    = (sensitive value)
      + primary_blob_endpoint             = (known after apply)
      + primary_blob_host                 = (known after apply)
      + primary_connection_string         = (sensitive value)
      + primary_dfs_endpoint              = (known after apply)
      + primary_dfs_host                  = (known after apply)
      + primary_file_endpoint             = (known after apply)
      + primary_file_host                 = (known after apply)
      + primary_location                  = (known after apply)
      + primary_queue_endpoint            = (known after apply)
      + primary_queue_host                = (known after apply)
      + primary_table_endpoint            = (known after apply)
      + primary_table_host                = (known after apply)
      + primary_web_endpoint              = (known after apply)
      + primary_web_host                  = (known after apply)
      + queue_encryption_key_type         = "Service"
      + resource_group_name               = "devops-rg"
      + secondary_access_key              = (sensitive value)
      + secondary_blob_connection_string  = (sensitive value)
      + secondary_blob_endpoint           = (known after apply)
      + secondary_blob_host               = (known after apply)
      + secondary_connection_string       = (sensitive value)
      + secondary_dfs_endpoint            = (known after apply)
      + secondary_dfs_host                = (known after apply)
      + secondary_file_endpoint           = (known after apply)
      + secondary_file_host               = (known after apply)
      + secondary_location                = (known after apply)
      + secondary_queue_endpoint          = (known after apply)
      + secondary_queue_host              = (known after apply)
      + secondary_table_endpoint          = (known after apply)
      + secondary_table_host              = (known after apply)
      + secondary_web_endpoint            = (known after apply)
      + secondary_web_host                = (known after apply)
      + shared_access_key_enabled         = true
      + table_encryption_key_type         = "Service"
      + tags                              = {
          + "created_by"  = "swathi.vijai@tigeranalytics.com"
          + "created_for" = "training"
        }

      + blob_properties {
          + change_feed_enabled      = (known after apply)
          + default_service_version  = (known after apply)
          + last_access_time_enabled = (known after apply)
          + versioning_enabled       = (known after apply)

          + container_delete_retention_policy {
              + days = (known after apply)
            }

          + cors_rule {
              + allowed_headers    = (known after apply)
              + allowed_methods    = (known after apply)
              + allowed_origins    = (known after apply)
              + exposed_headers    = (known after apply)
              + max_age_in_seconds = (known after apply)
            }

          + delete_retention_policy {
              + days = (known after apply)
            }
        }

      + network_rules {
          + bypass                     = (known after apply)
          + default_action             = (known after apply)
          + ip_rules                   = (known after apply)
          + virtual_network_subnet_ids = (known after apply)

          + private_link_access {
              + endpoint_resource_id = (known after apply)
              + endpoint_tenant_id   = (known after apply)
            }
        }

      + queue_properties {
          + cors_rule {
              + allowed_headers    = (known after apply)
              + allowed_methods    = (known after apply)
              + allowed_origins    = (known after apply)
              + exposed_headers    = (known after apply)
              + max_age_in_seconds = (known after apply)
            }

          + hour_metrics {
              + enabled               = (known after apply)
              + include_apis          = (known after apply)
              + retention_policy_days = (known after apply)
              + version               = (known after apply)
            }

          + logging {
              + delete                = (known after apply)
              + read                  = (known after apply)
              + retention_policy_days = (known after apply)
              + version               = (known after apply)
              + write                 = (known after apply)
            }

          + minute_metrics {
              + enabled               = (known after apply)
              + include_apis          = (known after apply)
              + retention_policy_days = (known after apply)
              + version               = (known after apply)
            }
        }

      + routing {
          + choice                      = (known after apply)
          + publish_internet_endpoints  = (known after apply)
          + publish_microsoft_endpoints = (known after apply)
        }

      + share_properties {
          + cors_rule {
              + allowed_headers    = (known after apply)
              + allowed_methods    = (known after apply)
              + allowed_origins    = (known after apply)
              + exposed_headers    = (known after apply)
              + max_age_in_seconds = (known after apply)
            }

          + retention_policy {
              + days = (known after apply)
            }

          + smb {
              + authentication_types            = (known after apply)
              + channel_encryption_type         = (known after apply)
              + kerberos_ticket_encryption_type = (known after apply)
              + versions                        = (known after apply)
            }
        }
    }

  # module.testmodule.azurerm_storage_container.container[0] will be created
  + resource "azurerm_storage_container" "container" {
      + container_access_type   = "private"
      + has_immutability_policy = (known after apply)
      + has_legal_hold          = (known after apply)
      + id                      = (known after apply)
      + metadata                = (known after apply)
      + name                    = "swathi493"
      + resource_manager_id     = (known after apply)
      + storage_account_name    = "swathi1179testacc"
    }

  # module.testmodule.azurerm_storage_container.container[1] will be created
  + resource "azurerm_storage_container" "container" {
      + container_access_type   = "private"
      + has_immutability_policy = (known after apply)
      + has_legal_hold          = (known after apply)
      + id                      = (known after apply)
      + metadata                = (known after apply)
      + name                    = "swathi678"
      + resource_manager_id     = (known after apply)
      + storage_account_name    = "swathi1179testacc"
    }

  # module.testmodule.azurerm_subnet.subnet will be created
  + resource "azurerm_subnet" "subnet" {
      + address_prefixes                               = [
          + "10.0.2.0/24",
        ]
      + enforce_private_link_endpoint_network_policies = false
      + enforce_private_link_service_network_policies  = false
      + id                                             = (known after apply)
      + name                                           = "swathisnet1179test"
      + resource_group_name                            = "devops-rg"
      + service_endpoints                              = [
          + "Microsoft.Sql",
        ]
      + virtual_network_name                           = "swathivnet1179test"
    }

  # module.testmodule.azurerm_virtual_network.vnet will be created
  + resource "azurerm_virtual_network" "vnet" {
      + address_space       = [
          + "10.0.0.0/17",
        ]
      + dns_servers         = (known after apply)
      + guid                = (known after apply)
      + id                  = (known after apply)
      + location            = "eastus"
      + name                = "swathivnet1179test"
      + resource_group_name = "devops-rg"
      + subnet              = (known after apply)
      + tags                = {
          + "created_by"  = "swathi.vijai@tigeranalytics.com"
          + "created_for" = "training"
        }
    }

  # module.testmodule.azurerm_windows_function_app.azfuncapp will be created
  + resource "azurerm_windows_function_app" "azfuncapp" {
      + builtin_logging_enabled           = true
      + client_certificate_enabled        = false
      + client_certificate_mode           = "Optional"
      + content_share_force_disabled      = false
      + custom_domain_verification_id     = (sensitive value)
      + daily_memory_time_quota           = 0
      + default_hostname                  = (known after apply)
      + enabled                           = true
      + functions_extension_version       = "~4"
      + https_only                        = (known after apply)
      + id                                = (known after apply)
      + key_vault_reference_identity_id   = (known after apply)
      + kind                              = (known after apply)
      + location                          = "eastus"
      + name                              = "swathifuncapptest1179"
      + outbound_ip_address_list          = (known after apply)
      + outbound_ip_addresses             = (known after apply)
      + possible_outbound_ip_address_list = (known after apply)
      + possible_outbound_ip_addresses    = (known after apply)
      + resource_group_name               = "devops-rg"
      + service_plan_id                   = (known after apply)
      + site_credential                   = (known after apply)
      + storage_account_access_key        = (sensitive value)
      + storage_account_name              = "swathi1179testacc"
      + storage_uses_managed_identity     = false

      + auth_settings {
          + additional_login_parameters    = (known after apply)
          + allowed_external_redirect_urls = (known after apply)
          + default_provider               = (known after apply)
          + enabled                        = (known after apply)
          + issuer                         = (known after apply)
          + runtime_version                = (known after apply)
          + token_refresh_extension_hours  = (known after apply)
          + token_store_enabled            = (known after apply)
          + unauthenticated_client_action  = (known after apply)

          + active_directory {
              + allowed_audiences          = (known after apply)
              + client_id                  = (known after apply)
              + client_secret              = (sensitive value)
              + client_secret_setting_name = (known after apply)
            }

          + facebook {
              + app_id                  = (known after apply)
              + app_secret              = (sensitive value)
              + app_secret_setting_name = (known after apply)
              + oauth_scopes            = (known after apply)
            }

          + github {
              + client_id                  = (known after apply)
              + client_secret              = (sensitive value)
              + client_secret_setting_name = (known after apply)
              + oauth_scopes               = (known after apply)
            }

          + google {
              + client_id                  = (known after apply)
              + client_secret              = (sensitive value)
              + client_secret_setting_name = (known after apply)
              + oauth_scopes               = (known after apply)
            }

          + microsoft {
              + client_id                  = (known after apply)
              + client_secret              = (sensitive value)
              + client_secret_setting_name = (known after apply)
              + oauth_scopes               = (known after apply)
            }

          + twitter {
              + consumer_key                 = (known after apply)
              + consumer_secret              = (sensitive value)
              + consumer_secret_setting_name = (known after apply)
            }
        }

      + site_config {
          + always_on                         = (known after apply)
          + app_scale_limit                   = (known after apply)
          + default_documents                 = (known after apply)
          + detailed_error_logging_enabled    = (known after apply)
          + elastic_instance_minimum          = (known after apply)
          + ftps_state                        = "Disabled"
          + health_check_eviction_time_in_min = (known after apply)
          + http2_enabled                     = false
          + ip_restriction                    = (known after apply)
          + load_balancing_mode               = "LeastRequests"
          + managed_pipeline_mode             = "Integrated"
          + minimum_tls_version               = "1.2"
          + pre_warmed_instance_count         = (known after apply)
          + remote_debugging_enabled          = false
          + remote_debugging_version          = (known after apply)
          + scm_ip_restriction                = (known after apply)
          + scm_minimum_tls_version           = "1.2"
          + scm_type                          = (known after apply)
          + scm_use_main_ip_restriction       = false
          + use_32_bit_worker                 = true
          + vnet_route_all_enabled            = false
          + websockets_enabled                = false
          + windows_fx_version                = (known after apply)
          + worker_count                      = (known after apply)
        }
    }

  # module.testmodule.random_password.password will be created
  + resource "random_password" "password" {
      + bcrypt_hash      = (sensitive value)
      + id               = (known after apply)
      + length           = 8
      + lower            = true
      + min_lower        = 1
      + min_numeric      = 1
      + min_special      = 1
      + min_upper        = 1
      + number           = true
      + numeric          = true
      + override_special = "_"
      + result           = (sensitive value)
      + special          = true
      + upper            = true
    }

Plan: 17 to add, 0 to change, 0 to destroy.

───────────────────────────────────────────────────────────────────────────────────────────────────────────────────────────────────────────────────────────────────────────────────────────────

Note: You didn't use the -out option to save this plan, so Terraform can't guarantee to take exactly these actions if you run "terraform apply" now.
PS D:\tf-asgmt2\env\test> terraform apply
  + resource "azurerm_storage_container" "container" {
      + container_access_type   = "private"
      + has_immutability_policy = (known after apply)
      + has_legal_hold          = (known after apply)
      + id                      = (known after apply)
      + metadata                = (known after apply)
      + name                    = "swathi493"
      + resource_manager_id     = (known after apply)
      + storage_account_name    = "swathi1179testacc"
    }

  # module.testmodule.azurerm_storage_container.container[1] will be created
  + resource "azurerm_storage_container" "container" {
      + container_access_type   = "private"
      + has_immutability_policy = (known after apply)
      + has_legal_hold          = (known after apply)
      + id                      = (known after apply)
      + metadata                = (known after apply)
      + name                    = "swathi678"
      + resource_manager_id     = (known after apply)
      + storage_account_name    = "swathi1179testacc"
    }

  # module.testmodule.azurerm_subnet.subnet will be created
  + resource "azurerm_subnet" "subnet" {
      + address_prefixes                               = [
          + "10.0.2.0/24",
        ]
      + enforce_private_link_endpoint_network_policies = false
      + enforce_private_link_service_network_policies  = false
      + id                                             = (known after apply)
      + name                                           = "swathisnet1179test"
      + resource_group_name                            = "devops-rg"
      + service_endpoints                              = [
          + "Microsoft.Sql",
        ]
      + virtual_network_name                           = "swathivnet1179test"
    }

  # module.testmodule.azurerm_virtual_network.vnet will be created
  + resource "azurerm_virtual_network" "vnet" {
      + address_space       = [
          + "10.0.0.0/17",
        ]
      + dns_servers         = (known after apply)
      + guid                = (known after apply)
      + id                  = (known after apply)
      + location            = "eastus"
      + name                = "swathivnet1179test"
      + resource_group_name = "devops-rg"
      + subnet              = (known after apply)
      + tags                = {
          + "created_by"  = "swathi.vijai@tigeranalytics.com"
          + "created_for" = "training"
        }
    }

  # module.testmodule.azurerm_windows_function_app.azfuncapp will be created
  + resource "azurerm_windows_function_app" "azfuncapp" {
      + builtin_logging_enabled           = true
      + client_certificate_enabled        = false
      + client_certificate_mode           = "Optional"
      + content_share_force_disabled      = false
      + custom_domain_verification_id     = (sensitive value)
      + daily_memory_time_quota           = 0
      + default_hostname                  = (known after apply)
      + enabled                           = true
      + functions_extension_version       = "~4"
      + https_only                        = (known after apply)
      + id                                = (known after apply)
      + key_vault_reference_identity_id   = (known after apply)
      + kind                              = (known after apply)
      + location                          = "eastus"
      + name                              = "swathifuncapptest1179"
      + outbound_ip_address_list          = (known after apply)
      + outbound_ip_addresses             = (known after apply)
      + possible_outbound_ip_address_list = (known after apply)
      + possible_outbound_ip_addresses    = (known after apply)
      + resource_group_name               = "devops-rg"
      + service_plan_id                   = (known after apply)
      + site_credential                   = (known after apply)
      + storage_account_access_key        = (sensitive value)
      + storage_account_name              = "swathi1179testacc"
      + storage_uses_managed_identity     = false

      + auth_settings {
          + additional_login_parameters    = (known after apply)
          + allowed_external_redirect_urls = (known after apply)
          + default_provider               = (known after apply)
          + enabled                        = (known after apply)
          + issuer                         = (known after apply)
          + runtime_version                = (known after apply)
          + token_refresh_extension_hours  = (known after apply)
          + token_store_enabled            = (known after apply)
          + unauthenticated_client_action  = (known after apply)

          + active_directory {
              + allowed_audiences          = (known after apply)
              + client_id                  = (known after apply)
              + client_secret              = (sensitive value)
              + client_secret_setting_name = (known after apply)
            }

          + facebook {
              + app_id                  = (known after apply)
              + app_secret              = (sensitive value)
              + app_secret_setting_name = (known after apply)
              + oauth_scopes            = (known after apply)
            }

          + github {
              + client_id                  = (known after apply)
              + client_secret              = (sensitive value)
              + client_secret_setting_name = (known after apply)
              + oauth_scopes               = (known after apply)
            }

          + google {
              + client_id                  = (known after apply)
              + client_secret              = (sensitive value)
              + client_secret_setting_name = (known after apply)
              + oauth_scopes               = (known after apply)
            }

          + microsoft {
              + client_id                  = (known after apply)
              + client_secret              = (sensitive value)
              + client_secret_setting_name = (known after apply)
              + oauth_scopes               = (known after apply)
            }

          + twitter {
              + consumer_key                 = (known after apply)
              + consumer_secret              = (sensitive value)
              + consumer_secret_setting_name = (known after apply)
            }
        }

      + site_config {
          + always_on                         = (known after apply)
          + app_scale_limit                   = (known after apply)
          + default_documents                 = (known after apply)
          + detailed_error_logging_enabled    = (known after apply)
          + elastic_instance_minimum          = (known after apply)
          + ftps_state                        = "Disabled"
          + health_check_eviction_time_in_min = (known after apply)
          + http2_enabled                     = false
          + ip_restriction                    = (known after apply)
          + load_balancing_mode               = "LeastRequests"
          + managed_pipeline_mode             = "Integrated"
          + minimum_tls_version               = "1.2"
          + pre_warmed_instance_count         = (known after apply)
          + remote_debugging_enabled          = false
          + remote_debugging_version          = (known after apply)
          + scm_ip_restriction                = (known after apply)
          + scm_minimum_tls_version           = "1.2"
          + scm_type                          = (known after apply)
          + scm_use_main_ip_restriction       = false
          + use_32_bit_worker                 = true
          + vnet_route_all_enabled            = false
          + websockets_enabled                = false
          + windows_fx_version                = (known after apply)
          + worker_count                      = (known after apply)
        }
    }

  # module.testmodule.random_password.password will be created
  + resource "random_password" "password" {
      + bcrypt_hash      = (sensitive value)
      + id               = (known after apply)
      + length           = 8
      + lower            = true
      + min_lower        = 1
      + min_numeric      = 1
      + min_special      = 1
      + min_upper        = 1
      + number           = true
      + numeric          = true
      + override_special = "_"
      + result           = (sensitive value)
      + special          = true
      + upper            = true
    }

Plan: 17 to add, 0 to change, 0 to destroy.

Do you want to perform these actions?
  Terraform will perform the actions described above.
  Only 'yes' will be accepted to approve.

  Enter a value: yes

module.testmodule.random_password.password: Creating...
module.testmodule.random_password.password: Creation complete after 0s [id=none]
module.testmodule.azurerm_analysis_services_server.server: Creating...
module.testmodule.azurerm_service_plan.azsp: Creating...
module.testmodule.azurerm_virtual_network.vnet: Creating...
module.testmodule.azurerm_kusto_cluster.azkc: Creating...
module.testmodule.azurerm_data_factory.adf: Creating...
module.testmodule.azurerm_mssql_server.sqlserver: Creating...
module.testmodule.azurerm_databricks_workspace.adb: Creating...
module.testmodule.azurerm_storage_account.storage_account: Creating...
module.testmodule.azurerm_analysis_services_server.server: Still creating... [10s elapsed]
module.testmodule.azurerm_service_plan.azsp: Still creating... [10s elapsed]
module.testmodule.azurerm_databricks_workspace.adb: Still creating... [10s elapsed]
module.testmodule.azurerm_virtual_network.vnet: Still creating... [10s elapsed]
module.testmodule.azurerm_kusto_cluster.azkc: Still creating... [10s elapsed]
module.testmodule.azurerm_data_factory.adf: Still creating... [10s elapsed]
module.testmodule.azurerm_mssql_server.sqlserver: Still creating... [10s elapsed]
module.testmodule.azurerm_storage_account.storage_account: Still creating... [10s elapsed]
module.testmodule.azurerm_data_factory.adf: Creation complete after 12s [id=/subscriptions/71ae4048-2e46-4255-8eca-c47663aa8f0c/resourceGroups/devops-rg/providers/Microsoft.DataFactory/factori
es/swathiadftest1179]
module.testmodule.azurerm_data_factory_pipeline.adfpipeline: Creating...
module.testmodule.azurerm_virtual_network.vnet: Creation complete after 12s [id=/subscriptions/71ae4048-2e46-4255-8eca-c47663aa8f0c/resourceGroups/devops-rg/providers/Microsoft.Network/virtual
Networks/swathivnet1179test]
module.testmodule.azurerm_subnet.subnet: Creating...
module.testmodule.azurerm_service_plan.azsp: Creation complete after 12s [id=/subscriptions/71ae4048-2e46-4255-8eca-c47663aa8f0c/resourceGroups/devops-rg/providers/Microsoft.Web/serverfarms/sw
athi1179sptest]
module.testmodule.azurerm_data_factory_pipeline.adfpipeline: Creation complete after 6s [id=/subscriptions/71ae4048-2e46-4255-8eca-c47663aa8f0c/resourceGroups/devops-rg/providers/Microsoft.Dat
aFactory/factories/swathiadftest1179/pipelines/adfdevpipeline1]
module.testmodule.azurerm_analysis_services_server.server: Still creating... [20s elapsed]
module.testmodule.azurerm_mssql_server.sqlserver: Still creating... [20s elapsed]
module.testmodule.azurerm_kusto_cluster.azkc: Still creating... [20s elapsed]
module.testmodule.azurerm_databricks_workspace.adb: Still creating... [20s elapsed]
module.testmodule.azurerm_storage_account.storage_account: Still creating... [20s elapsed]
module.testmodule.azurerm_subnet.subnet: Still creating... [10s elapsed]
module.testmodule.azurerm_subnet.subnet: Creation complete after 12s [id=/subscriptions/71ae4048-2e46-4255-8eca-c47663aa8f0c/resourceGroups/devops-rg/providers/Microsoft.Network/virtualNetwork
s/swathivnet1179test/subnets/swathisnet1179test]
module.testmodule.azurerm_analysis_services_server.server: Still creating... [30s elapsed]
module.testmodule.azurerm_databricks_workspace.adb: Still creating... [30s elapsed]
module.testmodule.azurerm_kusto_cluster.azkc: Still creating... [30s elapsed]
module.testmodule.azurerm_mssql_server.sqlserver: Still creating... [30s elapsed]
module.testmodule.azurerm_storage_account.storage_account: Still creating... [30s elapsed]
module.testmodule.azurerm_storage_account.storage_account: Creation complete after 36s [id=/subscriptions/71ae4048-2e46-4255-8eca-c47663aa8f0c/resourceGroups/devops-rg/providers/Microsoft.Stor
age/storageAccounts/swathi1179testacc]
module.testmodule.azurerm_storage_container.container[1]: Creating...
module.testmodule.azurerm_storage_container.container[0]: Creating...
module.testmodule.azurerm_data_factory_linked_service_data_lake_storage_gen2.linked_service[0]: Creating...
module.testmodule.azurerm_storage_container.container[1]: Creation complete after 1s [id=https://swathi1179testacc.blob.core.windows.net/swathi678]
module.testmodule.azurerm_storage_container.container[0]: Creation complete after 1s [id=https://swathi1179testacc.blob.core.windows.net/swathi493]
module.testmodule.azurerm_windows_function_app.azfuncapp: Creating...
module.testmodule.azurerm_analysis_services_server.server: Still creating... [40s elapsed]
module.testmodule.azurerm_mssql_server.sqlserver: Still creating... [40s elapsed]
module.testmodule.azurerm_databricks_workspace.adb: Still creating... [40s elapsed]
module.testmodule.azurerm_kusto_cluster.azkc: Still creating... [40s elapsed]
module.testmodule.azurerm_data_factory_linked_service_data_lake_storage_gen2.linked_service[0]: Creation complete after 4s [id=/subscriptions/71ae4048-2e46-4255-8eca-c47663aa8f0c/resourceGroup
s/devops-rg/providers/Microsoft.DataFactory/factories/swathiadftest1179/linkedservices/adflinkedservice1]
module.testmodule.azurerm_windows_function_app.azfuncapp: Still creating... [10s elapsed]
module.testmodule.azurerm_analysis_services_server.server: Still creating... [50s elapsed]
module.testmodule.azurerm_kusto_cluster.azkc: Still creating... [50s elapsed]
module.testmodule.azurerm_mssql_server.sqlserver: Still creating... [50s elapsed]
module.testmodule.azurerm_databricks_workspace.adb: Still creating... [50s elapsed]
module.testmodule.azurerm_windows_function_app.azfuncapp: Still creating... [20s elapsed]
module.testmodule.azurerm_analysis_services_server.server: Still creating... [1m0s elapsed]
module.testmodule.azurerm_kusto_cluster.azkc: Still creating... [1m0s elapsed]
module.testmodule.azurerm_databricks_workspace.adb: Still creating... [1m0s elapsed]
module.testmodule.azurerm_mssql_server.sqlserver: Still creating... [1m0s elapsed]
module.testmodule.azurerm_windows_function_app.azfuncapp: Still creating... [30s elapsed]
module.testmodule.azurerm_analysis_services_server.server: Still creating... [1m10s elapsed]
module.testmodule.azurerm_databricks_workspace.adb: Still creating... [1m10s elapsed]
module.testmodule.azurerm_kusto_cluster.azkc: Still creating... [1m10s elapsed]
module.testmodule.azurerm_mssql_server.sqlserver: Still creating... [1m10s elapsed]
module.testmodule.azurerm_mssql_server.sqlserver: Creation complete after 1m17s [id=/subscriptions/71ae4048-2e46-4255-8eca-c47663aa8f0c/resourceGroups/devops-rg/providers/Microsoft.Sql/servers
/swathisqlserver1179test]
module.testmodule.azurerm_mssql_elasticpool.az-elastic-pool: Creating...
module.testmodule.azurerm_windows_function_app.azfuncapp: Still creating... [40s elapsed]
module.testmodule.azurerm_analysis_services_server.server: Still creating... [1m20s elapsed]
module.testmodule.azurerm_kusto_cluster.azkc: Still creating... [1m20s elapsed]
module.testmodule.azurerm_databricks_workspace.adb: Still creating... [1m20s elapsed]
module.testmodule.azurerm_mssql_elasticpool.az-elastic-pool: Still creating... [10s elapsed]
module.testmodule.azurerm_windows_function_app.azfuncapp: Still creating... [50s elapsed]
module.testmodule.azurerm_analysis_services_server.server: Still creating... [1m30s elapsed]
module.testmodule.azurerm_kusto_cluster.azkc: Still creating... [1m30s elapsed]
module.testmodule.azurerm_databricks_workspace.adb: Still creating... [1m30s elapsed]
module.testmodule.azurerm_windows_function_app.azfuncapp: Creation complete after 56s [id=/subscriptions/71ae4048-2e46-4255-8eca-c47663aa8f0c/resourceGroups/devops-rg/providers/Microsoft.Web/s
ites/swathifuncapptest1179]
module.testmodule.azurerm_mssql_elasticpool.az-elastic-pool: Still creating... [20s elapsed]
module.testmodule.azurerm_analysis_services_server.server: Still creating... [1m40s elapsed]
module.testmodule.azurerm_kusto_cluster.azkc: Still creating... [1m40s elapsed]
module.testmodule.azurerm_databricks_workspace.adb: Still creating... [1m40s elapsed]
module.testmodule.azurerm_mssql_elasticpool.az-elastic-pool: Still creating... [30s elapsed]
module.testmodule.azurerm_analysis_services_server.server: Still creating... [1m50s elapsed]
module.testmodule.azurerm_kusto_cluster.azkc: Still creating... [1m50s elapsed]
module.testmodule.azurerm_databricks_workspace.adb: Still creating... [1m50s elapsed]
module.testmodule.azurerm_analysis_services_server.server: Creation complete after 1m50s [id=/subscriptions/71ae4048-2e46-4255-8eca-c47663aa8f0c/resourceGroups/devops-rg/providers/Microsoft.An
alysisServices/servers/swathi1179astest]
module.testmodule.azurerm_mssql_elasticpool.az-elastic-pool: Still creating... [40s elapsed]
module.testmodule.azurerm_kusto_cluster.azkc: Still creating... [2m0s elapsed]
module.testmodule.azurerm_databricks_workspace.adb: Still creating... [2m0s elapsed]
module.testmodule.azurerm_mssql_elasticpool.az-elastic-pool: Still creating... [50s elapsed]
module.testmodule.azurerm_mssql_elasticpool.az-elastic-pool: Creation complete after 52s [id=/subscriptions/71ae4048-2e46-4255-8eca-c47663aa8f0c/resourceGroups/devops-rg/providers/Microsoft.Sq
l/servers/swathisqlserver1179test/elasticPools/swathi1179test]
module.testmodule.azurerm_mssql_database.sql-db: Creating...
module.testmodule.azurerm_kusto_cluster.azkc: Still creating... [2m10s elapsed]
module.testmodule.azurerm_databricks_workspace.adb: Still creating... [2m10s elapsed]
module.testmodule.azurerm_databricks_workspace.adb: Creation complete after 2m16s [id=/subscriptions/71ae4048-2e46-4255-8eca-c47663aa8f0c/resourceGroups/devops-rg/providers/Microsoft.Databrick
s/workspaces/swathiadbtest1179]
module.testmodule.azurerm_mssql_database.sql-db: Still creating... [10s elapsed]
module.testmodule.azurerm_kusto_cluster.azkc: Still creating... [2m20s elapsed]
module.testmodule.azurerm_mssql_database.sql-db: Still creating... [20s elapsed]
module.testmodule.azurerm_kusto_cluster.azkc: Still creating... [2m30s elapsed]
module.testmodule.azurerm_mssql_database.sql-db: Still creating... [30s elapsed]
module.testmodule.azurerm_kusto_cluster.azkc: Still creating... [2m40s elapsed]
module.testmodule.azurerm_mssql_database.sql-db: Still creating... [40s elapsed]
module.testmodule.azurerm_kusto_cluster.azkc: Still creating... [2m50s elapsed]
module.testmodule.azurerm_mssql_database.sql-db: Still creating... [50s elapsed]
module.testmodule.azurerm_kusto_cluster.azkc: Still creating... [3m0s elapsed]
module.testmodule.azurerm_mssql_database.sql-db: Still creating... [1m0s elapsed]
module.testmodule.azurerm_kusto_cluster.azkc: Still creating... [3m10s elapsed]
module.testmodule.azurerm_mssql_database.sql-db: Still creating... [1m10s elapsed]
module.testmodule.azurerm_kusto_cluster.azkc: Still creating... [3m20s elapsed]
module.testmodule.azurerm_mssql_database.sql-db: Still creating... [1m20s elapsed]
module.testmodule.azurerm_kusto_cluster.azkc: Still creating... [3m30s elapsed]
module.testmodule.azurerm_mssql_database.sql-db: Still creating... [1m30s elapsed]
module.testmodule.azurerm_kusto_cluster.azkc: Still creating... [3m40s elapsed]
module.testmodule.azurerm_mssql_database.sql-db: Creation complete after 1m38s [id=/subscriptions/71ae4048-2e46-4255-8eca-c47663aa8f0c/resourceGroups/devops-rg/providers/Microsoft.Sql/servers/
swathisqlserver1179test/databases/swathi1179test]
module.testmodule.azurerm_kusto_cluster.azkc: Still creating... [3m50s elapsed]
module.testmodule.azurerm_kusto_cluster.azkc: Still creating... [4m0s elapsed]
module.testmodule.azurerm_kusto_cluster.azkc: Still creating... [4m10s elapsed]
module.testmodule.azurerm_kusto_cluster.azkc: Still creating... [4m20s elapsed]
module.testmodule.azurerm_kusto_cluster.azkc: Still creating... [4m30s elapsed]
module.testmodule.azurerm_kusto_cluster.azkc: Still creating... [4m40s elapsed]
module.testmodule.azurerm_kusto_cluster.azkc: Still creating... [4m50s elapsed]
module.testmodule.azurerm_kusto_cluster.azkc: Still creating... [5m0s elapsed]
module.testmodule.azurerm_kusto_cluster.azkc: Still creating... [5m10s elapsed]
module.testmodule.azurerm_kusto_cluster.azkc: Still creating... [5m20s elapsed]
module.testmodule.azurerm_kusto_cluster.azkc: Still creating... [5m30s elapsed]
module.testmodule.azurerm_kusto_cluster.azkc: Still creating... [5m40s elapsed]
module.testmodule.azurerm_kusto_cluster.azkc: Still creating... [5m50s elapsed]
module.testmodule.azurerm_kusto_cluster.azkc: Still creating... [6m0s elapsed]
module.testmodule.azurerm_kusto_cluster.azkc: Still creating... [6m10s elapsed]
module.testmodule.azurerm_kusto_cluster.azkc: Still creating... [6m20s elapsed]
module.testmodule.azurerm_kusto_cluster.azkc: Still creating... [6m30s elapsed]
module.testmodule.azurerm_kusto_cluster.azkc: Still creating... [6m40s elapsed]
module.testmodule.azurerm_kusto_cluster.azkc: Still creating... [6m50s elapsed]
module.testmodule.azurerm_kusto_cluster.azkc: Still creating... [7m0s elapsed]
module.testmodule.azurerm_kusto_cluster.azkc: Still creating... [7m10s elapsed]
module.testmodule.azurerm_kusto_cluster.azkc: Still creating... [7m20s elapsed]
module.testmodule.azurerm_kusto_cluster.azkc: Still creating... [7m30s elapsed]
module.testmodule.azurerm_kusto_cluster.azkc: Still creating... [7m40s elapsed]
module.testmodule.azurerm_kusto_cluster.azkc: Still creating... [7m50s elapsed]
module.testmodule.azurerm_kusto_cluster.azkc: Still creating... [8m0s elapsed]
module.testmodule.azurerm_kusto_cluster.azkc: Still creating... [8m10s elapsed]
module.testmodule.azurerm_kusto_cluster.azkc: Still creating... [8m20s elapsed]
module.testmodule.azurerm_kusto_cluster.azkc: Still creating... [8m30s elapsed]
module.testmodule.azurerm_kusto_cluster.azkc: Still creating... [8m40s elapsed]
module.testmodule.azurerm_kusto_cluster.azkc: Still creating... [8m50s elapsed]
module.testmodule.azurerm_kusto_cluster.azkc: Still creating... [9m0s elapsed]
module.testmodule.azurerm_kusto_cluster.azkc: Still creating... [9m10s elapsed]
module.testmodule.azurerm_kusto_cluster.azkc: Still creating... [9m20s elapsed]
module.testmodule.azurerm_kusto_cluster.azkc: Still creating... [9m30s elapsed]
module.testmodule.azurerm_kusto_cluster.azkc: Creation complete after 9m36s [id=/subscriptions/71ae4048-2e46-4255-8eca-c47663aa8f0c/resourceGroups/devops-rg/providers/Microsoft.Kusto/Clusters/
swathi1179kctest]

Apply complete! Resources: 17 added, 0 changed, 0 destroyed.
PS D:\tf-asgmt2\env\test> terraform destroy

PS D:\tf-asgmt2\env\test> Stop-Transcript
**********************
Windows PowerShell transcript end
End time: 20221213024032
**********************
