{
  "version": 4,
  "terraform_version": "1.3.1",
  "serial": 18,
  "lineage": "d795a82d-6683-70ca-7d9e-d610bc3e2f36",
  "outputs": {},
  "resources": [
    {
      "module": "module.testmodule",
      "mode": "managed",
      "type": "azurerm_analysis_services_server",
      "name": "server",
      "provider": "module.testmodule.provider[\"registry.terraform.io/hashicorp/azurerm\"]",
      "instances": [
        {
          "schema_version": 0,
          "attributes": {
            "admin_users": [
              "swathi.vijai@tigeranalytics.com"
            ],
            "backup_blob_container_uri": null,
            "enable_power_bi_service": true,
            "id": "/subscriptions/71ae4048-2e46-4255-8eca-c47663aa8f0c/resourceGroups/devops-rg/providers/Microsoft.AnalysisServices/servers/swathi1179astest",
            "ipv4_firewall_rule": [],
            "location": "eastus",
            "name": "swathi1179astest",
            "querypool_connection_mode": "All",
            "resource_group_name": "devops-rg",
            "server_full_name": "asazure://eastus.asazure.windows.net/swathi1179astest",
            "sku": "S0",
            "tags": {
              "created_by": "swathi.vijai@tigeranalytics.com",
              "created_for": "training"
            },
            "timeouts": null
          },
          "sensitive_attributes": [],
          "private": "eyJlMmJmYjczMC1lY2FhLTExZTYtOGY4OC0zNDM2M2JjN2M0YzAiOnsiY3JlYXRlIjoxODAwMDAwMDAwMDAwLCJkZWxldGUiOjE4MDAwMDAwMDAwMDAsInJlYWQiOjMwMDAwMDAwMDAwMCwidXBkYXRlIjoxODAwMDAwMDAwMDAwfX0="
        }
      ]
    },
    {
      "module": "module.testmodule",
      "mode": "managed",
      "type": "azurerm_data_factory",
      "name": "adf",
      "provider": "module.testmodule.provider[\"registry.terraform.io/hashicorp/azurerm\"]",
      "instances": [
        {
          "schema_version": 2,
          "attributes": {
            "customer_managed_key_id": "",
            "customer_managed_key_identity_id": "",
            "github_configuration": [],
            "global_parameter": [],
            "id": "/subscriptions/71ae4048-2e46-4255-8eca-c47663aa8f0c/resourceGroups/devops-rg/providers/Microsoft.DataFactory/factories/swathiadftest1179",
            "identity": [],
            "location": "eastus",
            "managed_virtual_network_enabled": false,
            "name": "swathiadftest1179",
            "public_network_enabled": true,
            "resource_group_name": "devops-rg",
            "tags": {
              "created_by": "swathi.vijai@tigeranalytics.com",
              "created_for": "training"
            },
            "timeouts": null,
            "vsts_configuration": []
          },
          "sensitive_attributes": [],
          "private": "eyJlMmJmYjczMC1lY2FhLTExZTYtOGY4OC0zNDM2M2JjN2M0YzAiOnsiY3JlYXRlIjoxODAwMDAwMDAwMDAwLCJkZWxldGUiOjE4MDAwMDAwMDAwMDAsInJlYWQiOjMwMDAwMDAwMDAwMCwidXBkYXRlIjoxODAwMDAwMDAwMDAwfSwic2NoZW1hX3ZlcnNpb24iOiIyIn0="
        }
      ]
    },
    {
      "module": "module.testmodule",
      "mode": "managed",
      "type": "azurerm_data_factory_linked_service_data_lake_storage_gen2",
      "name": "linked_service",
      "provider": "module.testmodule.provider[\"registry.terraform.io/hashicorp/azurerm\"]",
      "instances": [
        {
          "index_key": 0,
          "schema_version": 0,
          "attributes": {
            "additional_properties": null,
            "annotations": null,
            "data_factory_id": "/subscriptions/71ae4048-2e46-4255-8eca-c47663aa8f0c/resourceGroups/devops-rg/providers/Microsoft.DataFactory/factories/swathiadftest1179",
            "description": "",
            "id": "/subscriptions/71ae4048-2e46-4255-8eca-c47663aa8f0c/resourceGroups/devops-rg/providers/Microsoft.DataFactory/factories/swathiadftest1179/linkedservices/adflinkedservice1",
            "integration_runtime_name": null,
            "name": "adflinkedservice1",
            "parameters": null,
            "service_principal_id": "79dd085d-67d3-44b5-994b-6a86f4104ef3",
            "service_principal_key": "FeL8Q~n1GiCtdeg5Rtl0141IFNcaIGW_QlpgTau0",
            "storage_account_key": null,
            "tenant": "e714ef31-faab-41d2-9f1e-e6df4af16ab8",
            "timeouts": null,
            "url": "https://swathi1179testacc.dfs.core.windows.net/",
            "use_managed_identity": false
          },
          "sensitive_attributes": [],
          "private": "eyJlMmJmYjczMC1lY2FhLTExZTYtOGY4OC0zNDM2M2JjN2M0YzAiOnsiY3JlYXRlIjoxODAwMDAwMDAwMDAwLCJkZWxldGUiOjE4MDAwMDAwMDAwMDAsInJlYWQiOjMwMDAwMDAwMDAwMCwidXBkYXRlIjoxODAwMDAwMDAwMDAwfX0=",
          "dependencies": [
            "module.testmodule.azurerm_data_factory.adf",
            "module.testmodule.azurerm_storage_account.storage_account"
          ]
        }
      ]
    },
    {
      "module": "module.testmodule",
      "mode": "managed",
      "type": "azurerm_data_factory_pipeline",
      "name": "adfpipeline",
      "provider": "module.testmodule.provider[\"registry.terraform.io/hashicorp/azurerm\"]",
      "instances": [
        {
          "schema_version": 0,
          "attributes": {
            "activities_json": null,
            "annotations": null,
            "concurrency": 0,
            "data_factory_id": "/subscriptions/71ae4048-2e46-4255-8eca-c47663aa8f0c/resourceGroups/devops-rg/providers/Microsoft.DataFactory/factories/swathiadftest1179",
            "description": "",
            "folder": null,
            "id": "/subscriptions/71ae4048-2e46-4255-8eca-c47663aa8f0c/resourceGroups/devops-rg/providers/Microsoft.DataFactory/factories/swathiadftest1179/pipelines/adfdevpipeline1",
            "moniter_metrics_after_duration": "",
            "name": "adfdevpipeline1",
            "parameters": null,
            "timeouts": null,
            "variables": null
          },
          "sensitive_attributes": [],
          "private": "eyJlMmJmYjczMC1lY2FhLTExZTYtOGY4OC0zNDM2M2JjN2M0YzAiOnsiY3JlYXRlIjoxODAwMDAwMDAwMDAwLCJkZWxldGUiOjE4MDAwMDAwMDAwMDAsInJlYWQiOjMwMDAwMDAwMDAwMCwidXBkYXRlIjoxODAwMDAwMDAwMDAwfX0=",
          "dependencies": [
            "module.testmodule.azurerm_data_factory.adf"
          ]
        }
      ]
    },
    {
      "module": "module.testmodule",
      "mode": "managed",
      "type": "azurerm_databricks_workspace",
      "name": "adb",
      "provider": "module.testmodule.provider[\"registry.terraform.io/hashicorp/azurerm\"]",
      "instances": [
        {
          "schema_version": 0,
          "attributes": {
            "custom_parameters": [
              {
                "machine_learning_workspace_id": "",
                "nat_gateway_name": "nat-gateway",
                "no_public_ip": false,
                "private_subnet_name": "",
                "private_subnet_network_security_group_association_id": "",
                "public_ip_name": "nat-gw-public-ip",
                "public_subnet_name": "",
                "public_subnet_network_security_group_association_id": "",
                "storage_account_name": "dbstoragesk3qh4ufohxm4",
                "storage_account_sku_name": "Standard_GRS",
                "virtual_network_id": "",
                "vnet_address_prefix": "10.139"
              }
            ],
            "customer_managed_key_enabled": false,
            "id": "/subscriptions/71ae4048-2e46-4255-8eca-c47663aa8f0c/resourceGroups/devops-rg/providers/Microsoft.Databricks/workspaces/swathiadbtest1179",
            "infrastructure_encryption_enabled": false,
            "load_balancer_backend_address_pool_id": "",
            "location": "eastus",
            "managed_resource_group_id": "/subscriptions/71ae4048-2e46-4255-8eca-c47663aa8f0c/resourceGroups/databricks-rg-devops-rg",
            "managed_resource_group_name": "databricks-rg-devops-rg",
            "managed_services_cmk_key_vault_key_id": null,
            "name": "swathiadbtest1179",
            "network_security_group_rules_required": null,
            "public_network_access_enabled": true,
            "resource_group_name": "devops-rg",
            "sku": "standard",
            "storage_account_identity": [],
            "tags": {
              "created_by": "swathi.vijai@tigeranalytics.com",
              "created_for": "training"
            },
            "timeouts": null,
            "workspace_id": "1693629838428335",
            "workspace_url": "adb-1693629838428335.15.azuredatabricks.net"
          },
          "sensitive_attributes": [],
          "private": "eyJlMmJmYjczMC1lY2FhLTExZTYtOGY4OC0zNDM2M2JjN2M0YzAiOnsiY3JlYXRlIjoxODAwMDAwMDAwMDAwLCJkZWxldGUiOjE4MDAwMDAwMDAwMDAsInJlYWQiOjMwMDAwMDAwMDAwMCwidXBkYXRlIjoxODAwMDAwMDAwMDAwfX0="
        }
      ]
    },
    {
      "module": "module.testmodule",
      "mode": "managed",
      "type": "azurerm_kusto_cluster",
      "name": "azkc",
      "provider": "module.testmodule.provider[\"registry.terraform.io/hashicorp/azurerm\"]",
      "instances": [
        {
          "schema_version": 0,
          "attributes": {
            "auto_stop_enabled": true,
            "data_ingestion_uri": "https://ingest-swathi1179kctest.eastus.kusto.windows.net",
            "disk_encryption_enabled": false,
            "double_encryption_enabled": false,
            "engine": "V2",
            "id": "/subscriptions/71ae4048-2e46-4255-8eca-c47663aa8f0c/resourceGroups/devops-rg/providers/Microsoft.Kusto/Clusters/swathi1179kctest",
            "identity": [],
            "language_extensions": null,
            "location": "eastus",
            "name": "swathi1179kctest",
            "optimized_auto_scale": [],
            "public_network_access_enabled": true,
            "purge_enabled": false,
            "resource_group_name": "devops-rg",
            "sku": [
              {
                "capacity": 2,
                "name": "Standard_D13_v2"
              }
            ],
            "streaming_ingestion_enabled": false,
            "tags": {
              "created_by": "swathi.vijai@tigeranalytics.com",
              "created_for": "training"
            },
            "timeouts": null,
            "trusted_external_tenants": [],
            "uri": "https://swathi1179kctest.eastus.kusto.windows.net",
            "virtual_network_configuration": [],
            "zones": null
          },
          "sensitive_attributes": [],
          "private": "eyJlMmJmYjczMC1lY2FhLTExZTYtOGY4OC0zNDM2M2JjN2M0YzAiOnsiY3JlYXRlIjozNjAwMDAwMDAwMDAwLCJkZWxldGUiOjM2MDAwMDAwMDAwMDAsInJlYWQiOjMwMDAwMDAwMDAwMCwidXBkYXRlIjozNjAwMDAwMDAwMDAwfX0="
        }
      ]
    },
    {
      "module": "module.testmodule",
      "mode": "managed",
      "type": "azurerm_mssql_database",
      "name": "sql-db",
      "provider": "module.testmodule.provider[\"registry.terraform.io/hashicorp/azurerm\"]",
      "instances": [
        {
          "schema_version": 1,
          "attributes": {
            "auto_pause_delay_in_minutes": 0,
            "collation": "SQL_Latin1_General_CP1_CI_AS",
            "create_mode": "Default",
            "creation_source_database_id": null,
            "elastic_pool_id": "/subscriptions/71ae4048-2e46-4255-8eca-c47663aa8f0c/resourceGroups/devops-rg/providers/Microsoft.Sql/servers/swathisqlserver1179test/elasticPools/swathi1179test",
            "geo_backup_enabled": true,
            "id": "/subscriptions/71ae4048-2e46-4255-8eca-c47663aa8f0c/resourceGroups/devops-rg/providers/Microsoft.Sql/servers/swathisqlserver1179test/databases/swathi1179test",
            "license_type": "",
            "long_term_retention_policy": [
              {
                "monthly_retention": "PT0S",
                "week_of_year": 0,
                "weekly_retention": "PT0S",
                "yearly_retention": "PT0S"
              }
            ],
            "max_size_gb": 5,
            "min_capacity": 0,
            "name": "swathi1179test",
            "read_replica_count": 0,
            "read_scale": false,
            "recover_database_id": null,
            "restore_dropped_database_id": null,
            "restore_point_in_time": null,
            "sample_name": null,
            "server_id": "/subscriptions/71ae4048-2e46-4255-8eca-c47663aa8f0c/resourceGroups/devops-rg/providers/Microsoft.Sql/servers/swathisqlserver1179test",
            "short_term_retention_policy": [
              {
                "retention_days": 7
              }
            ],
            "sku_name": "ElasticPool",
            "storage_account_type": "Geo",
            "tags": {
              "created_by": "swathi.vijai@tigeranalytics.com",
              "created_for": "training"
            },
            "threat_detection_policy": [
              {
                "disabled_alerts": [],
                "email_account_admins": "Disabled",
                "email_addresses": [],
                "retention_days": 0,
                "state": "Disabled",
                "storage_account_access_key": "",
                "storage_endpoint": ""
              }
            ],
            "timeouts": null,
            "transparent_data_encryption_enabled": true,
            "zone_redundant": false
          },
          "sensitive_attributes": [],
          "private": "eyJlMmJmYjczMC1lY2FhLTExZTYtOGY4OC0zNDM2M2JjN2M0YzAiOnsiY3JlYXRlIjozNjAwMDAwMDAwMDAwLCJkZWxldGUiOjM2MDAwMDAwMDAwMDAsInJlYWQiOjMwMDAwMDAwMDAwMCwidXBkYXRlIjozNjAwMDAwMDAwMDAwfSwic2NoZW1hX3ZlcnNpb24iOiIxIn0=",
          "dependencies": [
            "module.testmodule.azurerm_mssql_elasticpool.az-elastic-pool",
            "module.testmodule.azurerm_mssql_server.sqlserver",
            "module.testmodule.random_password.password"
          ]
        }
      ]
    },
    {
      "module": "module.testmodule",
      "mode": "managed",
      "type": "azurerm_mssql_elasticpool",
      "name": "az-elastic-pool",
      "provider": "module.testmodule.provider[\"registry.terraform.io/hashicorp/azurerm\"]",
      "instances": [
        {
          "schema_version": 0,
          "attributes": {
            "id": "/subscriptions/71ae4048-2e46-4255-8eca-c47663aa8f0c/resourceGroups/devops-rg/providers/Microsoft.Sql/servers/swathisqlserver1179test/elasticPools/swathi1179test",
            "license_type": "",
            "location": "eastus",
            "max_size_bytes": 53687091200,
            "max_size_gb": 50,
            "name": "swathi1179test",
            "per_database_settings": [
              {
                "max_capacity": 10,
                "min_capacity": 0
              }
            ],
            "resource_group_name": "devops-rg",
            "server_name": "swathisqlserver1179test",
            "sku": [
              {
                "capacity": 50,
                "family": "",
                "name": "StandardPool",
                "tier": "Standard"
              }
            ],
            "tags": {
              "created_by": "swathi.vijai@tigeranalytics.com",
              "created_for": "training"
            },
            "timeouts": null,
            "zone_redundant": false
          },
          "sensitive_attributes": [],
          "private": "eyJlMmJmYjczMC1lY2FhLTExZTYtOGY4OC0zNDM2M2JjN2M0YzAiOnsiY3JlYXRlIjoxODAwMDAwMDAwMDAwLCJkZWxldGUiOjE4MDAwMDAwMDAwMDAsInJlYWQiOjMwMDAwMDAwMDAwMCwidXBkYXRlIjoxODAwMDAwMDAwMDAwfX0=",
          "dependencies": [
            "module.testmodule.azurerm_mssql_server.sqlserver",
            "module.testmodule.random_password.password"
          ]
        }
      ]
    },
    {
      "module": "module.testmodule",
      "mode": "managed",
      "type": "azurerm_mssql_server",
      "name": "sqlserver",
      "provider": "module.testmodule.provider[\"registry.terraform.io/hashicorp/azurerm\"]",
      "instances": [
        {
          "schema_version": 0,
          "attributes": {
            "administrator_login": "swathi.vijai@tigeranalytics.com",
            "administrator_login_password": "0xo_GzF1",
            "azuread_administrator": [],
            "connection_policy": "Default",
            "fully_qualified_domain_name": "swathisqlserver1179test.database.windows.net",
            "id": "/subscriptions/71ae4048-2e46-4255-8eca-c47663aa8f0c/resourceGroups/devops-rg/providers/Microsoft.Sql/servers/swathisqlserver1179test",
            "identity": [],
            "location": "eastus",
            "minimum_tls_version": "1.2",
            "name": "swathisqlserver1179test",
            "outbound_network_restriction_enabled": false,
            "primary_user_assigned_identity_id": "",
            "public_network_access_enabled": true,
            "resource_group_name": "devops-rg",
            "restorable_dropped_database_ids": [],
            "tags": {
              "created_by": "swathi.vijai@tigeranalytics.com",
              "created_for": "training"
            },
            "timeouts": null,
            "version": "12.0"
          },
          "sensitive_attributes": [
            [
              {
                "type": "get_attr",
                "value": "administrator_login_password"
              }
            ]
          ],
          "private": "eyJlMmJmYjczMC1lY2FhLTExZTYtOGY4OC0zNDM2M2JjN2M0YzAiOnsiY3JlYXRlIjozNjAwMDAwMDAwMDAwLCJkZWxldGUiOjM2MDAwMDAwMDAwMDAsInJlYWQiOjMwMDAwMDAwMDAwMCwidXBkYXRlIjozNjAwMDAwMDAwMDAwfX0=",
          "dependencies": [
            "module.testmodule.random_password.password"
          ]
        }
      ]
    },
    {
      "module": "module.testmodule",
      "mode": "managed",
      "type": "azurerm_service_plan",
      "name": "azsp",
      "provider": "module.testmodule.provider[\"registry.terraform.io/hashicorp/azurerm\"]",
      "instances": [
        {
          "schema_version": 0,
          "attributes": {
            "app_service_environment_id": "",
            "id": "/subscriptions/71ae4048-2e46-4255-8eca-c47663aa8f0c/resourceGroups/devops-rg/providers/Microsoft.Web/serverfarms/swathi1179sptest",
            "kind": "functionapp",
            "location": "eastus",
            "maximum_elastic_worker_count": 1,
            "name": "swathi1179sptest",
            "os_type": "Windows",
            "per_site_scaling_enabled": false,
            "reserved": false,
            "resource_group_name": "devops-rg",
            "sku_name": "Y1",
            "tags": null,
            "timeouts": null,
            "worker_count": 0
          },
          "sensitive_attributes": [],
          "private": "eyJlMmJmYjczMC1lY2FhLTExZTYtOGY4OC0zNDM2M2JjN2M0YzAiOnsiY3JlYXRlIjozNjAwMDAwMDAwMDAwLCJkZWxldGUiOjM2MDAwMDAwMDAwMDAsInJlYWQiOjMwMDAwMDAwMDAwMCwidXBkYXRlIjozNjAwMDAwMDAwMDAwfX0="
        }
      ]
    },
    {
      "module": "module.testmodule",
      "mode": "managed",
      "type": "azurerm_storage_account",
      "name": "storage_account",
      "provider": "module.testmodule.provider[\"registry.terraform.io/hashicorp/azurerm\"]",
      "instances": [
        {
          "schema_version": 3,
          "attributes": {
            "access_tier": "Hot",
            "account_kind": "StorageV2",
            "account_replication_type": "LRS",
            "account_tier": "Standard",
            "allow_nested_items_to_be_public": true,
            "azure_files_authentication": [],
            "blob_properties": [
              {
                "change_feed_enabled": false,
                "container_delete_retention_policy": [],
                "cors_rule": [],
                "default_service_version": "",
                "delete_retention_policy": [],
                "last_access_time_enabled": false,
                "versioning_enabled": false
              }
            ],
            "custom_domain": [],
            "customer_managed_key": [],
            "edge_zone": "",
            "enable_https_traffic_only": true,
            "id": "/subscriptions/71ae4048-2e46-4255-8eca-c47663aa8f0c/resourceGroups/devops-rg/providers/Microsoft.Storage/storageAccounts/swathi1179testacc",
            "identity": [],
            "infrastructure_encryption_enabled": false,
            "is_hns_enabled": false,
            "large_file_share_enabled": null,
            "location": "eastus",
            "min_tls_version": "TLS1_2",
            "name": "swathi1179testacc",
            "network_rules": [
              {
                "bypass": [
                  "AzureServices"
                ],
                "default_action": "Allow",
                "ip_rules": [],
                "private_link_access": [],
                "virtual_network_subnet_ids": []
              }
            ],
            "nfsv3_enabled": false,
            "primary_access_key": "isFpWP3RdcEVoTqjHc+fDQKTIkwOUMvx4SrZDgiIQyW6yrTcb/oXznGRVs1TQG1wEki3Z6pRxXbP+AStgsZmHA==",
            "primary_blob_connection_string": "DefaultEndpointsProtocol=https;BlobEndpoint=https://swathi1179testacc.blob.core.windows.net/;AccountName=swathi1179testacc;AccountKey=isFpWP3RdcEVoTqjHc+fDQKTIkwOUMvx4SrZDgiIQyW6yrTcb/oXznGRVs1TQG1wEki3Z6pRxXbP+AStgsZmHA==",
            "primary_blob_endpoint": "https://swathi1179testacc.blob.core.windows.net/",
            "primary_blob_host": "swathi1179testacc.blob.core.windows.net",
            "primary_connection_string": "DefaultEndpointsProtocol=https;AccountName=swathi1179testacc;AccountKey=isFpWP3RdcEVoTqjHc+fDQKTIkwOUMvx4SrZDgiIQyW6yrTcb/oXznGRVs1TQG1wEki3Z6pRxXbP+AStgsZmHA==;EndpointSuffix=core.windows.net",
            "primary_dfs_endpoint": "https://swathi1179testacc.dfs.core.windows.net/",
            "primary_dfs_host": "swathi1179testacc.dfs.core.windows.net",
            "primary_file_endpoint": "https://swathi1179testacc.file.core.windows.net/",
            "primary_file_host": "swathi1179testacc.file.core.windows.net",
            "primary_location": "eastus",
            "primary_queue_endpoint": "https://swathi1179testacc.queue.core.windows.net/",
            "primary_queue_host": "swathi1179testacc.queue.core.windows.net",
            "primary_table_endpoint": "https://swathi1179testacc.table.core.windows.net/",
            "primary_table_host": "swathi1179testacc.table.core.windows.net",
            "primary_web_endpoint": "https://swathi1179testacc.z13.web.core.windows.net/",
            "primary_web_host": "swathi1179testacc.z13.web.core.windows.net",
            "queue_encryption_key_type": "Service",
            "queue_properties": [
              {
                "cors_rule": [],
                "hour_metrics": [
                  {
                    "enabled": true,
                    "include_apis": true,
                    "retention_policy_days": 7,
                    "version": "1.0"
                  }
                ],
                "logging": [
                  {
                    "delete": false,
                    "read": false,
                    "retention_policy_days": 0,
                    "version": "1.0",
                    "write": false
                  }
                ],
                "minute_metrics": [
                  {
                    "enabled": false,
                    "include_apis": false,
                    "retention_policy_days": 0,
                    "version": "1.0"
                  }
                ]
              }
            ],
            "resource_group_name": "devops-rg",
            "routing": [],
            "secondary_access_key": "erN85qu1xU1oJ3940YbfW8itK0ZUu2KtFl2foj9zoIkxezlba3y0zv6wWfeb2rUXJ2xLqcL/4ml4+AStsSsaNA==",
            "secondary_blob_connection_string": "",
            "secondary_blob_endpoint": null,
            "secondary_blob_host": null,
            "secondary_connection_string": "DefaultEndpointsProtocol=https;AccountName=swathi1179testacc;AccountKey=erN85qu1xU1oJ3940YbfW8itK0ZUu2KtFl2foj9zoIkxezlba3y0zv6wWfeb2rUXJ2xLqcL/4ml4+AStsSsaNA==;EndpointSuffix=core.windows.net",
            "secondary_dfs_endpoint": null,
            "secondary_dfs_host": null,
            "secondary_file_endpoint": null,
            "secondary_file_host": null,
            "secondary_location": "",
            "secondary_queue_endpoint": null,
            "secondary_queue_host": null,
            "secondary_table_endpoint": null,
            "secondary_table_host": null,
            "secondary_web_endpoint": null,
            "secondary_web_host": null,
            "share_properties": [
              {
                "cors_rule": [],
                "retention_policy": [
                  {
                    "days": 7
                  }
                ],
                "smb": []
              }
            ],
            "shared_access_key_enabled": true,
            "static_website": [],
            "table_encryption_key_type": "Service",
            "tags": {
              "created_by": "swathi.vijai@tigeranalytics.com",
              "created_for": "training"
            },
            "timeouts": null
          },
          "sensitive_attributes": [],
          "private": "eyJlMmJmYjczMC1lY2FhLTExZTYtOGY4OC0zNDM2M2JjN2M0YzAiOnsiY3JlYXRlIjozNjAwMDAwMDAwMDAwLCJkZWxldGUiOjM2MDAwMDAwMDAwMDAsInJlYWQiOjMwMDAwMDAwMDAwMCwidXBkYXRlIjozNjAwMDAwMDAwMDAwfSwic2NoZW1hX3ZlcnNpb24iOiIzIn0="
        }
      ]
    },
    {
      "module": "module.testmodule",
      "mode": "managed",
      "type": "azurerm_storage_container",
      "name": "container",
      "provider": "module.testmodule.provider[\"registry.terraform.io/hashicorp/azurerm\"]",
      "instances": [
        {
          "index_key": 0,
          "schema_version": 1,
          "attributes": {
            "container_access_type": "private",
            "has_immutability_policy": false,
            "has_legal_hold": false,
            "id": "https://swathi1179testacc.blob.core.windows.net/swathi493",
            "metadata": {},
            "name": "swathi493",
            "resource_manager_id": "/subscriptions/71ae4048-2e46-4255-8eca-c47663aa8f0c/resourceGroups/devops-rg/providers/Microsoft.Storage/storageAccounts/swathi1179testacc/blobServices/default/containers/swathi493",
            "storage_account_name": "swathi1179testacc",
            "timeouts": null
          },
          "sensitive_attributes": [],
          "private": "eyJlMmJmYjczMC1lY2FhLTExZTYtOGY4OC0zNDM2M2JjN2M0YzAiOnsiY3JlYXRlIjoxODAwMDAwMDAwMDAwLCJkZWxldGUiOjE4MDAwMDAwMDAwMDAsInJlYWQiOjMwMDAwMDAwMDAwMCwidXBkYXRlIjoxODAwMDAwMDAwMDAwfSwic2NoZW1hX3ZlcnNpb24iOiIxIn0=",
          "dependencies": [
            "module.testmodule.azurerm_storage_account.storage_account"
          ]
        },
        {
          "index_key": 1,
          "schema_version": 1,
          "attributes": {
            "container_access_type": "private",
            "has_immutability_policy": false,
            "has_legal_hold": false,
            "id": "https://swathi1179testacc.blob.core.windows.net/swathi678",
            "metadata": {},
            "name": "swathi678",
            "resource_manager_id": "/subscriptions/71ae4048-2e46-4255-8eca-c47663aa8f0c/resourceGroups/devops-rg/providers/Microsoft.Storage/storageAccounts/swathi1179testacc/blobServices/default/containers/swathi678",
            "storage_account_name": "swathi1179testacc",
            "timeouts": null
          },
          "sensitive_attributes": [],
          "private": "eyJlMmJmYjczMC1lY2FhLTExZTYtOGY4OC0zNDM2M2JjN2M0YzAiOnsiY3JlYXRlIjoxODAwMDAwMDAwMDAwLCJkZWxldGUiOjE4MDAwMDAwMDAwMDAsInJlYWQiOjMwMDAwMDAwMDAwMCwidXBkYXRlIjoxODAwMDAwMDAwMDAwfSwic2NoZW1hX3ZlcnNpb24iOiIxIn0=",
          "dependencies": [
            "module.testmodule.azurerm_storage_account.storage_account"
          ]
        }
      ]
    },
    {
      "module": "module.testmodule",
      "mode": "managed",
      "type": "azurerm_subnet",
      "name": "subnet",
      "provider": "module.testmodule.provider[\"registry.terraform.io/hashicorp/azurerm\"]",
      "instances": [
        {
          "schema_version": 0,
          "attributes": {
            "address_prefixes": [
              "10.0.2.0/24"
            ],
            "delegation": [],
            "enforce_private_link_endpoint_network_policies": false,
            "enforce_private_link_service_network_policies": false,
            "id": "/subscriptions/71ae4048-2e46-4255-8eca-c47663aa8f0c/resourceGroups/devops-rg/providers/Microsoft.Network/virtualNetworks/swathivnet1179test/subnets/swathisnet1179test",
            "name": "swathisnet1179test",
            "resource_group_name": "devops-rg",
            "service_endpoint_policy_ids": null,
            "service_endpoints": [
              "Microsoft.Sql"
            ],
            "timeouts": null,
            "virtual_network_name": "swathivnet1179test"
          },
          "sensitive_attributes": [],
          "private": "eyJlMmJmYjczMC1lY2FhLTExZTYtOGY4OC0zNDM2M2JjN2M0YzAiOnsiY3JlYXRlIjoxODAwMDAwMDAwMDAwLCJkZWxldGUiOjE4MDAwMDAwMDAwMDAsInJlYWQiOjMwMDAwMDAwMDAwMCwidXBkYXRlIjoxODAwMDAwMDAwMDAwfX0=",
          "dependencies": [
            "module.testmodule.azurerm_virtual_network.vnet"
          ]
        }
      ]
    },
    {
      "module": "module.testmodule",
      "mode": "managed",
      "type": "azurerm_virtual_network",
      "name": "vnet",
      "provider": "module.testmodule.provider[\"registry.terraform.io/hashicorp/azurerm\"]",
      "instances": [
        {
          "schema_version": 0,
          "attributes": {
            "address_space": [
              "10.0.0.0/17"
            ],
            "bgp_community": "",
            "ddos_protection_plan": [],
            "dns_servers": [],
            "edge_zone": "",
            "flow_timeout_in_minutes": 0,
            "guid": "05371728-9ba5-4053-a0a3-e59432945827",
            "id": "/subscriptions/71ae4048-2e46-4255-8eca-c47663aa8f0c/resourceGroups/devops-rg/providers/Microsoft.Network/virtualNetworks/swathivnet1179test",
            "location": "eastus",
            "name": "swathivnet1179test",
            "resource_group_name": "devops-rg",
            "subnet": [],
            "tags": {
              "created_by": "swathi.vijai@tigeranalytics.com",
              "created_for": "training"
            },
            "timeouts": null
          },
          "sensitive_attributes": [],
          "private": "eyJlMmJmYjczMC1lY2FhLTExZTYtOGY4OC0zNDM2M2JjN2M0YzAiOnsiY3JlYXRlIjoxODAwMDAwMDAwMDAwLCJkZWxldGUiOjE4MDAwMDAwMDAwMDAsInJlYWQiOjMwMDAwMDAwMDAwMCwidXBkYXRlIjoxODAwMDAwMDAwMDAwfX0="
        }
      ]
    },
    {
      "module": "module.testmodule",
      "mode": "managed",
      "type": "azurerm_windows_function_app",
      "name": "azfuncapp",
      "provider": "module.testmodule.provider[\"registry.terraform.io/hashicorp/azurerm\"]",
      "instances": [
        {
          "schema_version": 0,
          "attributes": {
            "app_settings": null,
            "auth_settings": [
              {
                "active_directory": [],
                "additional_login_parameters": {},
                "allowed_external_redirect_urls": [],
                "default_provider": "",
                "enabled": false,
                "facebook": [],
                "github": [],
                "google": [],
                "issuer": "",
                "microsoft": [],
                "runtime_version": "",
                "token_refresh_extension_hours": 0,
                "token_store_enabled": false,
                "twitter": [],
                "unauthenticated_client_action": ""
              }
            ],
            "backup": [],
            "builtin_logging_enabled": true,
            "client_certificate_enabled": false,
            "client_certificate_mode": "Optional",
            "connection_string": [],
            "content_share_force_disabled": false,
            "custom_domain_verification_id": "",
            "daily_memory_time_quota": 0,
            "default_hostname": "",
            "enabled": true,
            "functions_extension_version": "~4",
            "https_only": false,
            "id": "/subscriptions/71ae4048-2e46-4255-8eca-c47663aa8f0c/resourceGroups/devops-rg/providers/Microsoft.Web/sites/swathifuncapptest1179",
            "identity": [],
            "key_vault_reference_identity_id": "SystemAssigned",
            "kind": "functionapp",
            "location": "eastus",
            "name": "swathifuncapptest1179",
            "outbound_ip_address_list": [],
            "outbound_ip_addresses": "",
            "possible_outbound_ip_address_list": [],
            "possible_outbound_ip_addresses": "",
            "resource_group_name": "devops-rg",
            "service_plan_id": "/subscriptions/71ae4048-2e46-4255-8eca-c47663aa8f0c/resourceGroups/devops-rg/providers/Microsoft.Web/serverfarms/swathi1179sptest",
            "site_config": [
              {
                "always_on": false,
                "api_definition_url": "",
                "api_management_api_id": "",
                "app_command_line": "",
                "app_scale_limit": 200,
                "app_service_logs": [],
                "application_insights_connection_string": "",
                "application_insights_key": "",
                "application_stack": [],
                "cors": [],
                "default_documents": [
                  "Default.htm",
                  "Default.html",
                  "Default.asp",
                  "index.htm",
                  "index.html",
                  "iisstart.htm",
                  "default.aspx",
                  "index.php"
                ],
                "detailed_error_logging_enabled": false,
                "elastic_instance_minimum": 0,
                "ftps_state": "Disabled",
                "health_check_eviction_time_in_min": 0,
                "health_check_path": "",
                "http2_enabled": false,
                "ip_restriction": [],
                "load_balancing_mode": "LeastRequests",
                "managed_pipeline_mode": "Integrated",
                "minimum_tls_version": "1.2",
                "pre_warmed_instance_count": 0,
                "remote_debugging_enabled": false,
                "remote_debugging_version": "",
                "runtime_scale_monitoring_enabled": false,
                "scm_ip_restriction": [],
                "scm_minimum_tls_version": "1.2",
                "scm_type": "None",
                "scm_use_main_ip_restriction": false,
                "use_32_bit_worker": true,
                "vnet_route_all_enabled": false,
                "websockets_enabled": false,
                "windows_fx_version": "",
                "worker_count": 1
              }
            ],
            "site_credential": [
              {
                "name": "$swathifuncapptest1179",
                "password": "qf5ive7200ts8GlypNnKQid3BcNA55ZFx3pbn8dYCxns0NkZpLBJMaGklRlh"
              }
            ],
            "storage_account_access_key": "isFpWP3RdcEVoTqjHc+fDQKTIkwOUMvx4SrZDgiIQyW6yrTcb/oXznGRVs1TQG1wEki3Z6pRxXbP+AStgsZmHA==",
            "storage_account_name": "swathi1179testacc",
            "storage_key_vault_secret_id": "",
            "storage_uses_managed_identity": false,
            "tags": null,
            "timeouts": null
          },
          "sensitive_attributes": [
            [
              {
                "type": "get_attr",
                "value": "storage_account_access_key"
              }
            ]
          ],
          "private": "eyJlMmJmYjczMC1lY2FhLTExZTYtOGY4OC0zNDM2M2JjN2M0YzAiOnsiY3JlYXRlIjoxODAwMDAwMDAwMDAwLCJkZWxldGUiOjE4MDAwMDAwMDAwMDAsInJlYWQiOjMwMDAwMDAwMDAwMCwidXBkYXRlIjoxODAwMDAwMDAwMDAwfX0=",
          "dependencies": [
            "module.testmodule.azurerm_service_plan.azsp",
            "module.testmodule.azurerm_storage_account.storage_account"
          ]
        }
      ]
    },
    {
      "module": "module.testmodule",
      "mode": "managed",
      "type": "random_password",
      "name": "password",
      "provider": "provider[\"registry.terraform.io/hashicorp/random\"]",
      "instances": [
        {
          "schema_version": 3,
          "attributes": {
            "bcrypt_hash": "$2a$10$2uIOQcOKQKBI7S5mywhiie0Ki9ODd6b7wK7rZ9X85G4EqpH5gqbT.",
            "id": "none",
            "keepers": null,
            "length": 8,
            "lower": true,
            "min_lower": 1,
            "min_numeric": 1,
            "min_special": 1,
            "min_upper": 1,
            "number": true,
            "numeric": true,
            "override_special": "_",
            "result": "0xo_GzF1",
            "special": true,
            "upper": true
          },
          "sensitive_attributes": []
        }
      ]
    }
  ],
  "check_results": []
}
